// !$*UTF8*$!
{
	archiveVersion = 1;
	classes = {
	};
	objectVersion = 55;
	objects = {

/* Begin PBXBuildFile section */
		D728CF1F27AF9A8B0077E185 /* RxCocoa in Frameworks */ = {isa = PBXBuildFile; productRef = D728CF1E27AF9A8B0077E185 /* RxCocoa */; };
		D728CF2127AF9A8B0077E185 /* RxSwift in Frameworks */ = {isa = PBXBuildFile; productRef = D728CF2027AF9A8B0077E185 /* RxSwift */; };
		D728CF2427AF9ACD0077E185 /* Moya in Frameworks */ = {isa = PBXBuildFile; productRef = D728CF2327AF9ACD0077E185 /* Moya */; };
		D728CF2727AF9AFD0077E185 /* Swinject in Frameworks */ = {isa = PBXBuildFile; productRef = D728CF2627AF9AFD0077E185 /* Swinject */; };
		D728CF2A27AF9B150077E185 /* NVActivityIndicatorView in Frameworks */ = {isa = PBXBuildFile; productRef = D728CF2927AF9B150077E185 /* NVActivityIndicatorView */; };
		D728CF2E27AF9C890077E185 /* CoreDataProductListRepositoryTest.swift in Sources */ = {isa = PBXBuildFile; fileRef = D728CF2D27AF9C890077E185 /* CoreDataProductListRepositoryTest.swift */; };
		D728CF3227AF9FFB0077E185 /* ContactDTOTest.swift in Sources */ = {isa = PBXBuildFile; fileRef = D728CF3127AF9FFB0077E185 /* ContactDTOTest.swift */; };
		D728CF3427AFA0B30077E185 /* ProductItemDTOTest.swift in Sources */ = {isa = PBXBuildFile; fileRef = D728CF3327AFA0B30077E185 /* ProductItemDTOTest.swift */; };
		D7F9F01527AE073800DFD726 /* AppDelegate.swift in Sources */ = {isa = PBXBuildFile; fileRef = D7F9F01427AE073800DFD726 /* AppDelegate.swift */; };
		D7F9F02127AE073900DFD726 /* Assets.xcassets in Resources */ = {isa = PBXBuildFile; fileRef = D7F9F02027AE073900DFD726 /* Assets.xcassets */; };
		D7F9F02427AE073900DFD726 /* LaunchScreen.storyboard in Resources */ = {isa = PBXBuildFile; fileRef = D7F9F02227AE073900DFD726 /* LaunchScreen.storyboard */; };
		D7F9F02F27AE073900DFD726 /* AppTests.swift in Sources */ = {isa = PBXBuildFile; fileRef = D7F9F02E27AE073900DFD726 /* AppTests.swift */; };
		D7F9F05427AE07D600DFD726 /* Domain.framework in Frameworks */ = {isa = PBXBuildFile; fileRef = D7F9F04C27AE07D600DFD726 /* Domain.framework */; };
		D7F9F05B27AE07D600DFD726 /* DomainTests.swift in Sources */ = {isa = PBXBuildFile; fileRef = D7F9F05A27AE07D600DFD726 /* DomainTests.swift */; };
		D7F9F05C27AE07D600DFD726 /* Domain.h in Headers */ = {isa = PBXBuildFile; fileRef = D7F9F04E27AE07D600DFD726 /* Domain.h */; settings = {ATTRIBUTES = (Public, ); }; };
		D7F9F05F27AE07D600DFD726 /* Domain.framework in Frameworks */ = {isa = PBXBuildFile; fileRef = D7F9F04C27AE07D600DFD726 /* Domain.framework */; };
		D7F9F06027AE07D600DFD726 /* Domain.framework in Embed Frameworks */ = {isa = PBXBuildFile; fileRef = D7F9F04C27AE07D600DFD726 /* Domain.framework */; settings = {ATTRIBUTES = (CodeSignOnCopy, RemoveHeadersOnCopy, ); }; };
		D7F9F07527AE080D00DFD726 /* Data.framework in Frameworks */ = {isa = PBXBuildFile; fileRef = D7F9F06D27AE080D00DFD726 /* Data.framework */; };
		D7F9F07D27AE080D00DFD726 /* Data.h in Headers */ = {isa = PBXBuildFile; fileRef = D7F9F06F27AE080D00DFD726 /* Data.h */; settings = {ATTRIBUTES = (Public, ); }; };
		D7F9F08027AE080D00DFD726 /* Data.framework in Frameworks */ = {isa = PBXBuildFile; fileRef = D7F9F06D27AE080D00DFD726 /* Data.framework */; };
		D7F9F08127AE080D00DFD726 /* Data.framework in Embed Frameworks */ = {isa = PBXBuildFile; fileRef = D7F9F06D27AE080D00DFD726 /* Data.framework */; settings = {ATTRIBUTES = (CodeSignOnCopy, RemoveHeadersOnCopy, ); }; };
		D7F9F09527AE093B00DFD726 /* ViewModelTransformable.swift in Sources */ = {isa = PBXBuildFile; fileRef = D7F9F09427AE093B00DFD726 /* ViewModelTransformable.swift */; };
		D7F9F09727AE095600DFD726 /* BaseViewController.swift in Sources */ = {isa = PBXBuildFile; fileRef = D7F9F09627AE095600DFD726 /* BaseViewController.swift */; };
		D7F9F09927AE095F00DFD726 /* BaseViewModel.swift in Sources */ = {isa = PBXBuildFile; fileRef = D7F9F09827AE095F00DFD726 /* BaseViewModel.swift */; };
		D7F9F09F27AE09C500DFD726 /* LocalAnalytics.swift in Sources */ = {isa = PBXBuildFile; fileRef = D7F9F09E27AE09C500DFD726 /* LocalAnalytics.swift */; };
		D7F9F0A127AE09D800DFD726 /* FirebaseAnalytics.swift in Sources */ = {isa = PBXBuildFile; fileRef = D7F9F0A027AE09D800DFD726 /* FirebaseAnalytics.swift */; };
		D7F9F0A327AE09EB00DFD726 /* ZhugeAnalytics.swift in Sources */ = {isa = PBXBuildFile; fileRef = D7F9F0A227AE09EB00DFD726 /* ZhugeAnalytics.swift */; };
		D7F9F0A527AE0A0900DFD726 /* AnalyticsProvider.swift in Sources */ = {isa = PBXBuildFile; fileRef = D7F9F0A427AE0A0900DFD726 /* AnalyticsProvider.swift */; };
		D7F9F0A727AE0A1A00DFD726 /* AnalyticsEventType.swift in Sources */ = {isa = PBXBuildFile; fileRef = D7F9F0A627AE0A1A00DFD726 /* AnalyticsEventType.swift */; };
		D7F9F0A927AE0A2A00DFD726 /* AnalyticsConstant.swift in Sources */ = {isa = PBXBuildFile; fileRef = D7F9F0A827AE0A2A00DFD726 /* AnalyticsConstant.swift */; };
		D7F9F0AB27AE0A3A00DFD726 /* AnalyticsService.swift in Sources */ = {isa = PBXBuildFile; fileRef = D7F9F0AA27AE0A3A00DFD726 /* AnalyticsService.swift */; };
		D7F9F0AD27AE0A5500DFD726 /* AnalyticsServiceImpl.swift in Sources */ = {isa = PBXBuildFile; fileRef = D7F9F0AC27AE0A5500DFD726 /* AnalyticsServiceImpl.swift */; };
		D7F9F0B127AE0A9400DFD726 /* String+Ext.swift in Sources */ = {isa = PBXBuildFile; fileRef = D7F9F0B027AE0A9400DFD726 /* String+Ext.swift */; };
		D7F9F0B427AE0AB600DFD726 /* DependencyInjection.swift in Sources */ = {isa = PBXBuildFile; fileRef = D7F9F0B327AE0AB600DFD726 /* DependencyInjection.swift */; };
		D7F9F0B927AE0B0C00DFD726 /* HomeViewController.swift in Sources */ = {isa = PBXBuildFile; fileRef = D7F9F0B727AE0B0C00DFD726 /* HomeViewController.swift */; };
		D7F9F0BA27AE0B0C00DFD726 /* HomeViewController.xib in Resources */ = {isa = PBXBuildFile; fileRef = D7F9F0B827AE0B0C00DFD726 /* HomeViewController.xib */; };
		D7F9F0BC27AE0B2900DFD726 /* ScreenCordinator.swift in Sources */ = {isa = PBXBuildFile; fileRef = D7F9F0BB27AE0B2900DFD726 /* ScreenCordinator.swift */; };
		D7F9F0BE27AE0BA200DFD726 /* HomeViewModel.swift in Sources */ = {isa = PBXBuildFile; fileRef = D7F9F0BD27AE0BA200DFD726 /* HomeViewModel.swift */; };
		D7F9F0C327AE0EBF00DFD726 /* CallListViewController.swift in Sources */ = {isa = PBXBuildFile; fileRef = D7F9F0C227AE0EBF00DFD726 /* CallListViewController.swift */; };
		D7F9F0C527AE0ED100DFD726 /* CallListViewModel.swift in Sources */ = {isa = PBXBuildFile; fileRef = D7F9F0C427AE0ED100DFD726 /* CallListViewModel.swift */; };
		D7F9F0CC27AE0FFB00DFD726 /* RxBaseViewController.swift in Sources */ = {isa = PBXBuildFile; fileRef = D7F9F0CB27AE0FFB00DFD726 /* RxBaseViewController.swift */; };
		D7F9F0D127AE13C500DFD726 /* ObservableType+Ext.swift in Sources */ = {isa = PBXBuildFile; fileRef = D7F9F0D027AE13C500DFD726 /* ObservableType+Ext.swift */; };
		D7F9F0D327AE23AA00DFD726 /* UIWindow+Ext.swift in Sources */ = {isa = PBXBuildFile; fileRef = D7F9F0D227AE23AA00DFD726 /* UIWindow+Ext.swift */; };
		D7F9F0D627AE265A00DFD726 /* Constraint.swift in Sources */ = {isa = PBXBuildFile; fileRef = D7F9F0D527AE265A00DFD726 /* Constraint.swift */; };
		D7F9F0E127AE28B900DFD726 /* ContactCell.swift in Sources */ = {isa = PBXBuildFile; fileRef = D7F9F0DF27AE28B900DFD726 /* ContactCell.swift */; };
		D7F9F0E227AE28B900DFD726 /* ContactCell.xib in Resources */ = {isa = PBXBuildFile; fileRef = D7F9F0E027AE28B900DFD726 /* ContactCell.xib */; };
		D7F9F0EB27AE2FE100DFD726 /* CallListUseCaseImpl.swift in Sources */ = {isa = PBXBuildFile; fileRef = D7F9F0EA27AE2FE000DFD726 /* CallListUseCaseImpl.swift */; };
		D7F9F0EE27AE311F00DFD726 /* CallListUseCase.swift in Sources */ = {isa = PBXBuildFile; fileRef = D7F9F0EC27AE300200DFD726 /* CallListUseCase.swift */; };
		D7F9F0EF27AE314500DFD726 /* Contact.swift in Sources */ = {isa = PBXBuildFile; fileRef = D7F9F0DB27AE288D00DFD726 /* Contact.swift */; };
		D7F9F0F427AE324200DFD726 /* RemoteCallListRepositoryDummy.swift in Sources */ = {isa = PBXBuildFile; fileRef = D7F9F0F327AE324200DFD726 /* RemoteCallListRepositoryDummy.swift */; };
		D7F9F0F627AE324D00DFD726 /* RemoteCallListRepositoryImpl.swift in Sources */ = {isa = PBXBuildFile; fileRef = D7F9F0F527AE324D00DFD726 /* RemoteCallListRepositoryImpl.swift */; };
		D7F9F0F927AE327400DFD726 /* RemoteCallListRepository.swift in Sources */ = {isa = PBXBuildFile; fileRef = D7F9F0F827AE327400DFD726 /* RemoteCallListRepository.swift */; };
		D7F9F0FB27AE32E600DFD726 /* Domain.framework in Frameworks */ = {isa = PBXBuildFile; fileRef = D7F9F04C27AE07D600DFD726 /* Domain.framework */; };
		D7F9F0FC27AE32E600DFD726 /* Domain.framework in Embed Frameworks */ = {isa = PBXBuildFile; fileRef = D7F9F04C27AE07D600DFD726 /* Domain.framework */; settings = {ATTRIBUTES = (CodeSignOnCopy, RemoveHeadersOnCopy, ); }; };
		D7F9F10227AE36D400DFD726 /* ContactDTO.swift in Sources */ = {isa = PBXBuildFile; fileRef = D7F9F10127AE36D400DFD726 /* ContactDTO.swift */; };
		D7F9F10827AE754000DFD726 /* Optional+Ext.swift in Sources */ = {isa = PBXBuildFile; fileRef = D7F9F10727AE754000DFD726 /* Optional+Ext.swift */; };
		D7F9F10A27AE771C00DFD726 /* APIClient.swift in Sources */ = {isa = PBXBuildFile; fileRef = D7F9F10927AE771C00DFD726 /* APIClient.swift */; };
		D7F9F11127AE7A0700DFD726 /* DemoAPIs.swift in Sources */ = {isa = PBXBuildFile; fileRef = D7F9F11027AE7A0700DFD726 /* DemoAPIs.swift */; };
		D7F9F11627AE7EDC00DFD726 /* Reactive+Ext.swift in Sources */ = {isa = PBXBuildFile; fileRef = D7F9F11527AE7EDC00DFD726 /* Reactive+Ext.swift */; };
		D7F9F11927AE804300DFD726 /* UIViewController+Indicator.swift in Sources */ = {isa = PBXBuildFile; fileRef = D7F9F11827AE804300DFD726 /* UIViewController+Indicator.swift */; };
		D7F9F11B27AE808400DFD726 /* UIViewController+Ext.swift in Sources */ = {isa = PBXBuildFile; fileRef = D7F9F11A27AE808400DFD726 /* UIViewController+Ext.swift */; };
		D7F9F11E27AE811000DFD726 /* LoadingViewHelper.swift in Sources */ = {isa = PBXBuildFile; fileRef = D7F9F11D27AE811000DFD726 /* LoadingViewHelper.swift */; };
		D7F9F12027AE813C00DFD726 /* LoadingView.swift in Sources */ = {isa = PBXBuildFile; fileRef = D7F9F11F27AE813C00DFD726 /* LoadingView.swift */; };
		D7F9F12227AE859600DFD726 /* ActivityIndicator.swift in Sources */ = {isa = PBXBuildFile; fileRef = D7F9F12127AE859600DFD726 /* ActivityIndicator.swift */; };
		D7F9F12427AE85AD00DFD726 /* ErrorTracker.swift in Sources */ = {isa = PBXBuildFile; fileRef = D7F9F12327AE85AD00DFD726 /* ErrorTracker.swift */; };
		D7F9F12827AE878200DFD726 /* BuyListViewModel.swift in Sources */ = {isa = PBXBuildFile; fileRef = D7F9F12727AE878200DFD726 /* BuyListViewModel.swift */; };
		D7F9F12A27AEC9A000DFD726 /* BuyListViewController.swift in Sources */ = {isa = PBXBuildFile; fileRef = D7F9F12927AEC9A000DFD726 /* BuyListViewController.swift */; };
		D7F9F12D27AECA8900DFD726 /* ProductItemCell.swift in Sources */ = {isa = PBXBuildFile; fileRef = D7F9F12B27AECA8900DFD726 /* ProductItemCell.swift */; };
		D7F9F12E27AECA8900DFD726 /* ProductItemCell.xib in Resources */ = {isa = PBXBuildFile; fileRef = D7F9F12C27AECA8900DFD726 /* ProductItemCell.xib */; };
		D7F9F13227AECC9800DFD726 /* ProductItem.swift in Sources */ = {isa = PBXBuildFile; fileRef = D7F9F13127AECC9800DFD726 /* ProductItem.swift */; };
		D7F9F13427AECD1B00DFD726 /* RemoteProductListRepositoryImpl.swift in Sources */ = {isa = PBXBuildFile; fileRef = D7F9F13327AECD1B00DFD726 /* RemoteProductListRepositoryImpl.swift */; };
		D7F9F13627AECD2600DFD726 /* RemoteProductListRepositoryDummy.swift in Sources */ = {isa = PBXBuildFile; fileRef = D7F9F13527AECD2600DFD726 /* RemoteProductListRepositoryDummy.swift */; };
		D7F9F13827AECD3C00DFD726 /* RemoteProductListRepository.swift in Sources */ = {isa = PBXBuildFile; fileRef = D7F9F13727AECD3C00DFD726 /* RemoteProductListRepository.swift */; };
		D7F9F13A27AECF3100DFD726 /* BuyListUseCase.swift in Sources */ = {isa = PBXBuildFile; fileRef = D7F9F13927AECF3100DFD726 /* BuyListUseCase.swift */; };
		D7F9F13C27AECF3B00DFD726 /* BuyListUseCaseImpl.swift in Sources */ = {isa = PBXBuildFile; fileRef = D7F9F13B27AECF3B00DFD726 /* BuyListUseCaseImpl.swift */; };
		D7F9F13E27AED2F700DFD726 /* UITableViewCell+Ext.swift in Sources */ = {isa = PBXBuildFile; fileRef = D7F9F13D27AED2F700DFD726 /* UITableViewCell+Ext.swift */; };
		D7F9F14027AED32400DFD726 /* UITableView+Ext.swift in Sources */ = {isa = PBXBuildFile; fileRef = D7F9F13F27AED32400DFD726 /* UITableView+Ext.swift */; };
		D7F9F14227AEDC1400DFD726 /* CoreDataProductListRepositoryImpl.swift in Sources */ = {isa = PBXBuildFile; fileRef = D7F9F14127AEDC1400DFD726 /* CoreDataProductListRepositoryImpl.swift */; };
		D7F9F14427AEDC2300DFD726 /* LocalProductListRepositoryDummy.swift in Sources */ = {isa = PBXBuildFile; fileRef = D7F9F14327AEDC2300DFD726 /* LocalProductListRepositoryDummy.swift */; };
		D7F9F14627AEDC3700DFD726 /* LocalProductListRepository.swift in Sources */ = {isa = PBXBuildFile; fileRef = D7F9F14527AEDC3700DFD726 /* LocalProductListRepository.swift */; };
		D7F9F14C27AEDD3E00DFD726 /* SellListUseCase.swift in Sources */ = {isa = PBXBuildFile; fileRef = D7F9F14B27AEDD3E00DFD726 /* SellListUseCase.swift */; };
		D7F9F14E27AEDD6600DFD726 /* SellListUseCaseImpl.swift in Sources */ = {isa = PBXBuildFile; fileRef = D7F9F14D27AEDD6600DFD726 /* SellListUseCaseImpl.swift */; };
		D7F9F15227AEDDE100DFD726 /* SellListViewModel.swift in Sources */ = {isa = PBXBuildFile; fileRef = D7F9F15127AEDDE100DFD726 /* SellListViewModel.swift */; };
		D7F9F15427AEDE1300DFD726 /* SellListViewController.swift in Sources */ = {isa = PBXBuildFile; fileRef = D7F9F15327AEDE1300DFD726 /* SellListViewController.swift */; };
		D7F9F15C27AEED3F00DFD726 /* ProductItemDTO.swift in Sources */ = {isa = PBXBuildFile; fileRef = D7F9F15B27AEED3F00DFD726 /* ProductItemDTO.swift */; };
		D7F9F15E27AEEDAC00DFD726 /* CoreDataStack.swift in Sources */ = {isa = PBXBuildFile; fileRef = D7F9F15D27AEEDAC00DFD726 /* CoreDataStack.swift */; };
		D7F9F16027AEEF2500DFD726 /* BaseCoreData.swift in Sources */ = {isa = PBXBuildFile; fileRef = D7F9F15F27AEEF2500DFD726 /* BaseCoreData.swift */; };
		D7F9F16527AEF5F500DFD726 /* Data.xcdatamodeld in Sources */ = {isa = PBXBuildFile; fileRef = D7F9F15827AEEB7A00DFD726 /* Data.xcdatamodeld */; };
		D7F9F16727AEF6E700DFD726 /* NSPersistentContainer+Ext.swift in Sources */ = {isa = PBXBuildFile; fileRef = D7F9F16627AEF6E700DFD726 /* NSPersistentContainer+Ext.swift */; };
		D7F9F17027AF05F800DFD726 /* GenericTableViewController.swift in Sources */ = {isa = PBXBuildFile; fileRef = D7F9F16F27AF05F800DFD726 /* GenericTableViewController.swift */; };
		D7F9F17527AF6AF700DFD726 /* CellDescriptor.swift in Sources */ = {isa = PBXBuildFile; fileRef = D7F9F17427AF6AF700DFD726 /* CellDescriptor.swift */; };
		D7F9F17C27AF846F00DFD726 /* ProductItem+CellDescriptor.swift in Sources */ = {isa = PBXBuildFile; fileRef = D7F9F17B27AF846F00DFD726 /* ProductItem+CellDescriptor.swift */; };
		D7F9F17E27AF88A500DFD726 /* Contact+CellDescriptor.swift in Sources */ = {isa = PBXBuildFile; fileRef = D7F9F17D27AF88A500DFD726 /* Contact+CellDescriptor.swift */; };
/* End PBXBuildFile section */

/* Begin PBXContainerItemProxy section */
		D7F9F02B27AE073900DFD726 /* PBXContainerItemProxy */ = {
			isa = PBXContainerItemProxy;
			containerPortal = D7F9F00927AE073800DFD726 /* Project object */;
			proxyType = 1;
			remoteGlobalIDString = D7F9F01027AE073800DFD726;
			remoteInfo = App;
		};
		D7F9F05527AE07D600DFD726 /* PBXContainerItemProxy */ = {
			isa = PBXContainerItemProxy;
			containerPortal = D7F9F00927AE073800DFD726 /* Project object */;
			proxyType = 1;
			remoteGlobalIDString = D7F9F04B27AE07D600DFD726;
			remoteInfo = Domain;
		};
		D7F9F05727AE07D600DFD726 /* PBXContainerItemProxy */ = {
			isa = PBXContainerItemProxy;
			containerPortal = D7F9F00927AE073800DFD726 /* Project object */;
			proxyType = 1;
			remoteGlobalIDString = D7F9F01027AE073800DFD726;
			remoteInfo = TodoApps;
		};
		D7F9F05D27AE07D600DFD726 /* PBXContainerItemProxy */ = {
			isa = PBXContainerItemProxy;
			containerPortal = D7F9F00927AE073800DFD726 /* Project object */;
			proxyType = 1;
			remoteGlobalIDString = D7F9F04B27AE07D600DFD726;
			remoteInfo = Domain;
		};
		D7F9F07627AE080D00DFD726 /* PBXContainerItemProxy */ = {
			isa = PBXContainerItemProxy;
			containerPortal = D7F9F00927AE073800DFD726 /* Project object */;
			proxyType = 1;
			remoteGlobalIDString = D7F9F06C27AE080D00DFD726;
			remoteInfo = Data;
		};
		D7F9F07827AE080D00DFD726 /* PBXContainerItemProxy */ = {
			isa = PBXContainerItemProxy;
			containerPortal = D7F9F00927AE073800DFD726 /* Project object */;
			proxyType = 1;
			remoteGlobalIDString = D7F9F01027AE073800DFD726;
			remoteInfo = TodoApps;
		};
		D7F9F07E27AE080D00DFD726 /* PBXContainerItemProxy */ = {
			isa = PBXContainerItemProxy;
			containerPortal = D7F9F00927AE073800DFD726 /* Project object */;
			proxyType = 1;
			remoteGlobalIDString = D7F9F06C27AE080D00DFD726;
			remoteInfo = Data;
		};
		D7F9F0FD27AE32E600DFD726 /* PBXContainerItemProxy */ = {
			isa = PBXContainerItemProxy;
			containerPortal = D7F9F00927AE073800DFD726 /* Project object */;
			proxyType = 1;
			remoteGlobalIDString = D7F9F04B27AE07D600DFD726;
			remoteInfo = Domain;
		};
/* End PBXContainerItemProxy section */

/* Begin PBXCopyFilesBuildPhase section */
		D7F9F06427AE07D600DFD726 /* Embed Frameworks */ = {
			isa = PBXCopyFilesBuildPhase;
			buildActionMask = 2147483647;
			dstPath = "";
			dstSubfolderSpec = 10;
			files = (
				D7F9F08127AE080D00DFD726 /* Data.framework in Embed Frameworks */,
				D7F9F06027AE07D600DFD726 /* Domain.framework in Embed Frameworks */,
			);
			name = "Embed Frameworks";
			runOnlyForDeploymentPostprocessing = 0;
		};
		D7F9F0FF27AE32E700DFD726 /* Embed Frameworks */ = {
			isa = PBXCopyFilesBuildPhase;
			buildActionMask = 2147483647;
			dstPath = "";
			dstSubfolderSpec = 10;
			files = (
				D7F9F0FC27AE32E600DFD726 /* Domain.framework in Embed Frameworks */,
			);
			name = "Embed Frameworks";
			runOnlyForDeploymentPostprocessing = 0;
		};
/* End PBXCopyFilesBuildPhase section */

/* Begin PBXFileReference section */
		D728CF2D27AF9C890077E185 /* CoreDataProductListRepositoryTest.swift */ = {isa = PBXFileReference; lastKnownFileType = sourcecode.swift; path = CoreDataProductListRepositoryTest.swift; sourceTree = "<group>"; };
		D728CF3127AF9FFB0077E185 /* ContactDTOTest.swift */ = {isa = PBXFileReference; lastKnownFileType = sourcecode.swift; path = ContactDTOTest.swift; sourceTree = "<group>"; };
		D728CF3327AFA0B30077E185 /* ProductItemDTOTest.swift */ = {isa = PBXFileReference; lastKnownFileType = sourcecode.swift; path = ProductItemDTOTest.swift; sourceTree = "<group>"; };
		D7F9F01127AE073800DFD726 /* App.app */ = {isa = PBXFileReference; explicitFileType = wrapper.application; includeInIndex = 0; path = App.app; sourceTree = BUILT_PRODUCTS_DIR; };
		D7F9F01427AE073800DFD726 /* AppDelegate.swift */ = {isa = PBXFileReference; lastKnownFileType = sourcecode.swift; path = AppDelegate.swift; sourceTree = "<group>"; };
		D7F9F02027AE073900DFD726 /* Assets.xcassets */ = {isa = PBXFileReference; lastKnownFileType = folder.assetcatalog; path = Assets.xcassets; sourceTree = "<group>"; };
		D7F9F02327AE073900DFD726 /* Base */ = {isa = PBXFileReference; lastKnownFileType = file.storyboard; name = Base; path = Base.lproj/LaunchScreen.storyboard; sourceTree = "<group>"; };
		D7F9F02527AE073900DFD726 /* Info.plist */ = {isa = PBXFileReference; lastKnownFileType = text.plist.xml; path = Info.plist; sourceTree = "<group>"; };
		D7F9F02A27AE073900DFD726 /* AppTests.xctest */ = {isa = PBXFileReference; explicitFileType = wrapper.cfbundle; includeInIndex = 0; path = AppTests.xctest; sourceTree = BUILT_PRODUCTS_DIR; };
		D7F9F02E27AE073900DFD726 /* AppTests.swift */ = {isa = PBXFileReference; lastKnownFileType = sourcecode.swift; path = AppTests.swift; sourceTree = "<group>"; };
		D7F9F04C27AE07D600DFD726 /* Domain.framework */ = {isa = PBXFileReference; explicitFileType = wrapper.framework; includeInIndex = 0; path = Domain.framework; sourceTree = BUILT_PRODUCTS_DIR; };
		D7F9F04E27AE07D600DFD726 /* Domain.h */ = {isa = PBXFileReference; lastKnownFileType = sourcecode.c.h; path = Domain.h; sourceTree = "<group>"; };
		D7F9F05327AE07D600DFD726 /* DomainTests.xctest */ = {isa = PBXFileReference; explicitFileType = wrapper.cfbundle; includeInIndex = 0; path = DomainTests.xctest; sourceTree = BUILT_PRODUCTS_DIR; };
		D7F9F05A27AE07D600DFD726 /* DomainTests.swift */ = {isa = PBXFileReference; lastKnownFileType = sourcecode.swift; path = DomainTests.swift; sourceTree = "<group>"; };
		D7F9F06D27AE080D00DFD726 /* Data.framework */ = {isa = PBXFileReference; explicitFileType = wrapper.framework; includeInIndex = 0; path = Data.framework; sourceTree = BUILT_PRODUCTS_DIR; };
		D7F9F06F27AE080D00DFD726 /* Data.h */ = {isa = PBXFileReference; lastKnownFileType = sourcecode.c.h; path = Data.h; sourceTree = "<group>"; };
		D7F9F07427AE080D00DFD726 /* DataTests.xctest */ = {isa = PBXFileReference; explicitFileType = wrapper.cfbundle; includeInIndex = 0; path = DataTests.xctest; sourceTree = BUILT_PRODUCTS_DIR; };
		D7F9F09427AE093B00DFD726 /* ViewModelTransformable.swift */ = {isa = PBXFileReference; lastKnownFileType = sourcecode.swift; path = ViewModelTransformable.swift; sourceTree = "<group>"; };
		D7F9F09627AE095600DFD726 /* BaseViewController.swift */ = {isa = PBXFileReference; lastKnownFileType = sourcecode.swift; path = BaseViewController.swift; sourceTree = "<group>"; };
		D7F9F09827AE095F00DFD726 /* BaseViewModel.swift */ = {isa = PBXFileReference; lastKnownFileType = sourcecode.swift; path = BaseViewModel.swift; sourceTree = "<group>"; };
		D7F9F09E27AE09C500DFD726 /* LocalAnalytics.swift */ = {isa = PBXFileReference; lastKnownFileType = sourcecode.swift; path = LocalAnalytics.swift; sourceTree = "<group>"; };
		D7F9F0A027AE09D800DFD726 /* FirebaseAnalytics.swift */ = {isa = PBXFileReference; lastKnownFileType = sourcecode.swift; path = FirebaseAnalytics.swift; sourceTree = "<group>"; };
		D7F9F0A227AE09EB00DFD726 /* ZhugeAnalytics.swift */ = {isa = PBXFileReference; lastKnownFileType = sourcecode.swift; path = ZhugeAnalytics.swift; sourceTree = "<group>"; };
		D7F9F0A427AE0A0900DFD726 /* AnalyticsProvider.swift */ = {isa = PBXFileReference; lastKnownFileType = sourcecode.swift; path = AnalyticsProvider.swift; sourceTree = "<group>"; };
		D7F9F0A627AE0A1A00DFD726 /* AnalyticsEventType.swift */ = {isa = PBXFileReference; lastKnownFileType = sourcecode.swift; path = AnalyticsEventType.swift; sourceTree = "<group>"; };
		D7F9F0A827AE0A2A00DFD726 /* AnalyticsConstant.swift */ = {isa = PBXFileReference; lastKnownFileType = sourcecode.swift; path = AnalyticsConstant.swift; sourceTree = "<group>"; };
		D7F9F0AA27AE0A3A00DFD726 /* AnalyticsService.swift */ = {isa = PBXFileReference; lastKnownFileType = sourcecode.swift; path = AnalyticsService.swift; sourceTree = "<group>"; };
		D7F9F0AC27AE0A5500DFD726 /* AnalyticsServiceImpl.swift */ = {isa = PBXFileReference; lastKnownFileType = sourcecode.swift; path = AnalyticsServiceImpl.swift; sourceTree = "<group>"; };
		D7F9F0B027AE0A9400DFD726 /* String+Ext.swift */ = {isa = PBXFileReference; lastKnownFileType = sourcecode.swift; path = "String+Ext.swift"; sourceTree = "<group>"; };
		D7F9F0B327AE0AB600DFD726 /* DependencyInjection.swift */ = {isa = PBXFileReference; lastKnownFileType = sourcecode.swift; path = DependencyInjection.swift; sourceTree = "<group>"; };
		D7F9F0B727AE0B0C00DFD726 /* HomeViewController.swift */ = {isa = PBXFileReference; lastKnownFileType = sourcecode.swift; path = HomeViewController.swift; sourceTree = "<group>"; };
		D7F9F0B827AE0B0C00DFD726 /* HomeViewController.xib */ = {isa = PBXFileReference; lastKnownFileType = file.xib; path = HomeViewController.xib; sourceTree = "<group>"; };
		D7F9F0BB27AE0B2900DFD726 /* ScreenCordinator.swift */ = {isa = PBXFileReference; lastKnownFileType = sourcecode.swift; path = ScreenCordinator.swift; sourceTree = "<group>"; };
		D7F9F0BD27AE0BA200DFD726 /* HomeViewModel.swift */ = {isa = PBXFileReference; lastKnownFileType = sourcecode.swift; path = HomeViewModel.swift; sourceTree = "<group>"; };
		D7F9F0C227AE0EBF00DFD726 /* CallListViewController.swift */ = {isa = PBXFileReference; lastKnownFileType = sourcecode.swift; path = CallListViewController.swift; sourceTree = "<group>"; };
		D7F9F0C427AE0ED100DFD726 /* CallListViewModel.swift */ = {isa = PBXFileReference; lastKnownFileType = sourcecode.swift; path = CallListViewModel.swift; sourceTree = "<group>"; };
		D7F9F0CB27AE0FFB00DFD726 /* RxBaseViewController.swift */ = {isa = PBXFileReference; lastKnownFileType = sourcecode.swift; path = RxBaseViewController.swift; sourceTree = "<group>"; };
		D7F9F0D027AE13C500DFD726 /* ObservableType+Ext.swift */ = {isa = PBXFileReference; lastKnownFileType = sourcecode.swift; path = "ObservableType+Ext.swift"; sourceTree = "<group>"; };
		D7F9F0D227AE23AA00DFD726 /* UIWindow+Ext.swift */ = {isa = PBXFileReference; lastKnownFileType = sourcecode.swift; path = "UIWindow+Ext.swift"; sourceTree = "<group>"; };
		D7F9F0D527AE265A00DFD726 /* Constraint.swift */ = {isa = PBXFileReference; lastKnownFileType = sourcecode.swift; path = Constraint.swift; sourceTree = "<group>"; };
		D7F9F0DB27AE288D00DFD726 /* Contact.swift */ = {isa = PBXFileReference; lastKnownFileType = sourcecode.swift; path = Contact.swift; sourceTree = "<group>"; };
		D7F9F0DF27AE28B900DFD726 /* ContactCell.swift */ = {isa = PBXFileReference; lastKnownFileType = sourcecode.swift; path = ContactCell.swift; sourceTree = "<group>"; };
		D7F9F0E027AE28B900DFD726 /* ContactCell.xib */ = {isa = PBXFileReference; lastKnownFileType = file.xib; path = ContactCell.xib; sourceTree = "<group>"; };
		D7F9F0EA27AE2FE000DFD726 /* CallListUseCaseImpl.swift */ = {isa = PBXFileReference; lastKnownFileType = sourcecode.swift; path = CallListUseCaseImpl.swift; sourceTree = "<group>"; };
		D7F9F0EC27AE300200DFD726 /* CallListUseCase.swift */ = {isa = PBXFileReference; lastKnownFileType = sourcecode.swift; path = CallListUseCase.swift; sourceTree = "<group>"; };
		D7F9F0F327AE324200DFD726 /* RemoteCallListRepositoryDummy.swift */ = {isa = PBXFileReference; lastKnownFileType = sourcecode.swift; path = RemoteCallListRepositoryDummy.swift; sourceTree = "<group>"; };
		D7F9F0F527AE324D00DFD726 /* RemoteCallListRepositoryImpl.swift */ = {isa = PBXFileReference; lastKnownFileType = sourcecode.swift; path = RemoteCallListRepositoryImpl.swift; sourceTree = "<group>"; };
		D7F9F0F827AE327400DFD726 /* RemoteCallListRepository.swift */ = {isa = PBXFileReference; lastKnownFileType = sourcecode.swift; path = RemoteCallListRepository.swift; sourceTree = "<group>"; };
		D7F9F10127AE36D400DFD726 /* ContactDTO.swift */ = {isa = PBXFileReference; lastKnownFileType = sourcecode.swift; path = ContactDTO.swift; sourceTree = "<group>"; };
		D7F9F10727AE754000DFD726 /* Optional+Ext.swift */ = {isa = PBXFileReference; lastKnownFileType = sourcecode.swift; path = "Optional+Ext.swift"; sourceTree = "<group>"; };
		D7F9F10927AE771C00DFD726 /* APIClient.swift */ = {isa = PBXFileReference; lastKnownFileType = sourcecode.swift; path = APIClient.swift; sourceTree = "<group>"; };
		D7F9F11027AE7A0700DFD726 /* DemoAPIs.swift */ = {isa = PBXFileReference; lastKnownFileType = sourcecode.swift; path = DemoAPIs.swift; sourceTree = "<group>"; };
		D7F9F11527AE7EDC00DFD726 /* Reactive+Ext.swift */ = {isa = PBXFileReference; lastKnownFileType = sourcecode.swift; path = "Reactive+Ext.swift"; sourceTree = "<group>"; };
		D7F9F11827AE804300DFD726 /* UIViewController+Indicator.swift */ = {isa = PBXFileReference; lastKnownFileType = sourcecode.swift; path = "UIViewController+Indicator.swift"; sourceTree = "<group>"; };
		D7F9F11A27AE808400DFD726 /* UIViewController+Ext.swift */ = {isa = PBXFileReference; lastKnownFileType = sourcecode.swift; path = "UIViewController+Ext.swift"; sourceTree = "<group>"; };
		D7F9F11D27AE811000DFD726 /* LoadingViewHelper.swift */ = {isa = PBXFileReference; lastKnownFileType = sourcecode.swift; path = LoadingViewHelper.swift; sourceTree = "<group>"; };
		D7F9F11F27AE813C00DFD726 /* LoadingView.swift */ = {isa = PBXFileReference; lastKnownFileType = sourcecode.swift; path = LoadingView.swift; sourceTree = "<group>"; };
		D7F9F12127AE859600DFD726 /* ActivityIndicator.swift */ = {isa = PBXFileReference; lastKnownFileType = sourcecode.swift; path = ActivityIndicator.swift; sourceTree = "<group>"; };
		D7F9F12327AE85AD00DFD726 /* ErrorTracker.swift */ = {isa = PBXFileReference; lastKnownFileType = sourcecode.swift; path = ErrorTracker.swift; sourceTree = "<group>"; };
		D7F9F12727AE878200DFD726 /* BuyListViewModel.swift */ = {isa = PBXFileReference; lastKnownFileType = sourcecode.swift; path = BuyListViewModel.swift; sourceTree = "<group>"; };
		D7F9F12927AEC9A000DFD726 /* BuyListViewController.swift */ = {isa = PBXFileReference; lastKnownFileType = sourcecode.swift; path = BuyListViewController.swift; sourceTree = "<group>"; };
		D7F9F12B27AECA8900DFD726 /* ProductItemCell.swift */ = {isa = PBXFileReference; lastKnownFileType = sourcecode.swift; path = ProductItemCell.swift; sourceTree = "<group>"; };
		D7F9F12C27AECA8900DFD726 /* ProductItemCell.xib */ = {isa = PBXFileReference; lastKnownFileType = file.xib; path = ProductItemCell.xib; sourceTree = "<group>"; };
		D7F9F13127AECC9800DFD726 /* ProductItem.swift */ = {isa = PBXFileReference; lastKnownFileType = sourcecode.swift; path = ProductItem.swift; sourceTree = "<group>"; };
		D7F9F13327AECD1B00DFD726 /* RemoteProductListRepositoryImpl.swift */ = {isa = PBXFileReference; lastKnownFileType = sourcecode.swift; path = RemoteProductListRepositoryImpl.swift; sourceTree = "<group>"; };
		D7F9F13527AECD2600DFD726 /* RemoteProductListRepositoryDummy.swift */ = {isa = PBXFileReference; lastKnownFileType = sourcecode.swift; path = RemoteProductListRepositoryDummy.swift; sourceTree = "<group>"; };
		D7F9F13727AECD3C00DFD726 /* RemoteProductListRepository.swift */ = {isa = PBXFileReference; lastKnownFileType = sourcecode.swift; path = RemoteProductListRepository.swift; sourceTree = "<group>"; };
		D7F9F13927AECF3100DFD726 /* BuyListUseCase.swift */ = {isa = PBXFileReference; lastKnownFileType = sourcecode.swift; path = BuyListUseCase.swift; sourceTree = "<group>"; };
		D7F9F13B27AECF3B00DFD726 /* BuyListUseCaseImpl.swift */ = {isa = PBXFileReference; lastKnownFileType = sourcecode.swift; path = BuyListUseCaseImpl.swift; sourceTree = "<group>"; };
		D7F9F13D27AED2F700DFD726 /* UITableViewCell+Ext.swift */ = {isa = PBXFileReference; lastKnownFileType = sourcecode.swift; path = "UITableViewCell+Ext.swift"; sourceTree = "<group>"; };
		D7F9F13F27AED32400DFD726 /* UITableView+Ext.swift */ = {isa = PBXFileReference; lastKnownFileType = sourcecode.swift; path = "UITableView+Ext.swift"; sourceTree = "<group>"; };
		D7F9F14127AEDC1400DFD726 /* CoreDataProductListRepositoryImpl.swift */ = {isa = PBXFileReference; lastKnownFileType = sourcecode.swift; path = CoreDataProductListRepositoryImpl.swift; sourceTree = "<group>"; };
		D7F9F14327AEDC2300DFD726 /* LocalProductListRepositoryDummy.swift */ = {isa = PBXFileReference; lastKnownFileType = sourcecode.swift; path = LocalProductListRepositoryDummy.swift; sourceTree = "<group>"; };
		D7F9F14527AEDC3700DFD726 /* LocalProductListRepository.swift */ = {isa = PBXFileReference; lastKnownFileType = sourcecode.swift; path = LocalProductListRepository.swift; sourceTree = "<group>"; };
		D7F9F14B27AEDD3E00DFD726 /* SellListUseCase.swift */ = {isa = PBXFileReference; lastKnownFileType = sourcecode.swift; path = SellListUseCase.swift; sourceTree = "<group>"; };
		D7F9F14D27AEDD6600DFD726 /* SellListUseCaseImpl.swift */ = {isa = PBXFileReference; lastKnownFileType = sourcecode.swift; path = SellListUseCaseImpl.swift; sourceTree = "<group>"; };
		D7F9F15127AEDDE100DFD726 /* SellListViewModel.swift */ = {isa = PBXFileReference; lastKnownFileType = sourcecode.swift; path = SellListViewModel.swift; sourceTree = "<group>"; };
		D7F9F15327AEDE1300DFD726 /* SellListViewController.swift */ = {isa = PBXFileReference; lastKnownFileType = sourcecode.swift; path = SellListViewController.swift; sourceTree = "<group>"; };
		D7F9F15927AEEB7A00DFD726 /* Data.xcdatamodel */ = {isa = PBXFileReference; lastKnownFileType = wrapper.xcdatamodel; path = Data.xcdatamodel; sourceTree = "<group>"; };
		D7F9F15B27AEED3F00DFD726 /* ProductItemDTO.swift */ = {isa = PBXFileReference; lastKnownFileType = sourcecode.swift; path = ProductItemDTO.swift; sourceTree = "<group>"; };
		D7F9F15D27AEEDAC00DFD726 /* CoreDataStack.swift */ = {isa = PBXFileReference; lastKnownFileType = sourcecode.swift; path = CoreDataStack.swift; sourceTree = "<group>"; };
		D7F9F15F27AEEF2500DFD726 /* BaseCoreData.swift */ = {isa = PBXFileReference; lastKnownFileType = sourcecode.swift; path = BaseCoreData.swift; sourceTree = "<group>"; };
		D7F9F16627AEF6E700DFD726 /* NSPersistentContainer+Ext.swift */ = {isa = PBXFileReference; lastKnownFileType = sourcecode.swift; path = "NSPersistentContainer+Ext.swift"; sourceTree = "<group>"; };
		D7F9F16F27AF05F800DFD726 /* GenericTableViewController.swift */ = {isa = PBXFileReference; lastKnownFileType = sourcecode.swift; path = GenericTableViewController.swift; sourceTree = "<group>"; };
		D7F9F17427AF6AF700DFD726 /* CellDescriptor.swift */ = {isa = PBXFileReference; lastKnownFileType = sourcecode.swift; path = CellDescriptor.swift; sourceTree = "<group>"; };
		D7F9F17B27AF846F00DFD726 /* ProductItem+CellDescriptor.swift */ = {isa = PBXFileReference; lastKnownFileType = sourcecode.swift; path = "ProductItem+CellDescriptor.swift"; sourceTree = "<group>"; };
		D7F9F17D27AF88A500DFD726 /* Contact+CellDescriptor.swift */ = {isa = PBXFileReference; lastKnownFileType = sourcecode.swift; path = "Contact+CellDescriptor.swift"; sourceTree = "<group>"; };
/* End PBXFileReference section */

/* Begin PBXFrameworksBuildPhase section */
		D7F9F00E27AE073800DFD726 /* Frameworks */ = {
			isa = PBXFrameworksBuildPhase;
			buildActionMask = 2147483647;
			files = (
				D728CF1F27AF9A8B0077E185 /* RxCocoa in Frameworks */,
				D728CF2A27AF9B150077E185 /* NVActivityIndicatorView in Frameworks */,
				D7F9F08027AE080D00DFD726 /* Data.framework in Frameworks */,
				D7F9F05F27AE07D600DFD726 /* Domain.framework in Frameworks */,
				D728CF2727AF9AFD0077E185 /* Swinject in Frameworks */,
			);
			runOnlyForDeploymentPostprocessing = 0;
		};
		D7F9F02727AE073900DFD726 /* Frameworks */ = {
			isa = PBXFrameworksBuildPhase;
			buildActionMask = 2147483647;
			files = (
			);
			runOnlyForDeploymentPostprocessing = 0;
		};
		D7F9F04927AE07D600DFD726 /* Frameworks */ = {
			isa = PBXFrameworksBuildPhase;
			buildActionMask = 2147483647;
			files = (
				D728CF2127AF9A8B0077E185 /* RxSwift in Frameworks */,
			);
			runOnlyForDeploymentPostprocessing = 0;
		};
		D7F9F05027AE07D600DFD726 /* Frameworks */ = {
			isa = PBXFrameworksBuildPhase;
			buildActionMask = 2147483647;
			files = (
				D7F9F05427AE07D600DFD726 /* Domain.framework in Frameworks */,
			);
			runOnlyForDeploymentPostprocessing = 0;
		};
		D7F9F06A27AE080D00DFD726 /* Frameworks */ = {
			isa = PBXFrameworksBuildPhase;
			buildActionMask = 2147483647;
			files = (
				D728CF2427AF9ACD0077E185 /* Moya in Frameworks */,
				D7F9F0FB27AE32E600DFD726 /* Domain.framework in Frameworks */,
			);
			runOnlyForDeploymentPostprocessing = 0;
		};
		D7F9F07127AE080D00DFD726 /* Frameworks */ = {
			isa = PBXFrameworksBuildPhase;
			buildActionMask = 2147483647;
			files = (
				D7F9F07527AE080D00DFD726 /* Data.framework in Frameworks */,
			);
			runOnlyForDeploymentPostprocessing = 0;
		};
/* End PBXFrameworksBuildPhase section */

/* Begin PBXGroup section */
		D728CF2C27AF9C230077E185 /* Repositories */ = {
			isa = PBXGroup;
			children = (
				D728CF2F27AF9E950077E185 /* Database */,
			);
			path = Repositories;
			sourceTree = "<group>";
		};
		D728CF2F27AF9E950077E185 /* Database */ = {
			isa = PBXGroup;
			children = (
				D728CF2D27AF9C890077E185 /* CoreDataProductListRepositoryTest.swift */,
			);
			path = Database;
			sourceTree = "<group>";
		};
		D728CF3027AF9FEC0077E185 /* Model */ = {
			isa = PBXGroup;
			children = (
				D728CF3127AF9FFB0077E185 /* ContactDTOTest.swift */,
				D728CF3327AFA0B30077E185 /* ProductItemDTOTest.swift */,
			);
			path = Model;
			sourceTree = "<group>";
		};
		D7F9F00827AE073800DFD726 = {
			isa = PBXGroup;
			children = (
				D7F9F01327AE073800DFD726 /* App */,
				D7F9F02D27AE073900DFD726 /* AppTests */,
				D7F9F04D27AE07D600DFD726 /* Domain */,
				D7F9F05927AE07D600DFD726 /* DomainTests */,
				D7F9F06E27AE080D00DFD726 /* Data */,
				D7F9F07A27AE080D00DFD726 /* DataTests */,
				D7F9F01227AE073800DFD726 /* Products */,
				D7F9F0FA27AE32E600DFD726 /* Frameworks */,
			);
			sourceTree = "<group>";
		};
		D7F9F01227AE073800DFD726 /* Products */ = {
			isa = PBXGroup;
			children = (
				D7F9F01127AE073800DFD726 /* App.app */,
				D7F9F02A27AE073900DFD726 /* AppTests.xctest */,
				D7F9F04C27AE07D600DFD726 /* Domain.framework */,
				D7F9F05327AE07D600DFD726 /* DomainTests.xctest */,
				D7F9F06D27AE080D00DFD726 /* Data.framework */,
				D7F9F07427AE080D00DFD726 /* DataTests.xctest */,
			);
			name = Products;
			sourceTree = "<group>";
		};
		D7F9F01327AE073800DFD726 /* App */ = {
			isa = PBXGroup;
			children = (
				D7F9F15527AEE00400DFD726 /* Common */,
				D7F9F0B527AE0AD300DFD726 /* Resources */,
				D7F9F09227AE091300DFD726 /* Utilities */,
				D7F9F09127AE090E00DFD726 /* Extensions */,
				D7F9F08F27AE08FE00DFD726 /* Scenes */,
				D7F9F08E27AE08F900DFD726 /* Base */,
			);
			path = App;
			sourceTree = "<group>";
		};
		D7F9F02D27AE073900DFD726 /* AppTests */ = {
			isa = PBXGroup;
			children = (
				D7F9F02E27AE073900DFD726 /* AppTests.swift */,
			);
			path = AppTests;
			sourceTree = "<group>";
		};
		D7F9F04D27AE07D600DFD726 /* Domain */ = {
			isa = PBXGroup;
			children = (
				D7F9F0F727AE325F00DFD726 /* Interface */,
				D7F9F0DA27AE288200DFD726 /* Model */,
				D7F9F0E927AE2FB600DFD726 /* UseCases */,
				D7F9F04E27AE07D600DFD726 /* Domain.h */,
			);
			path = Domain;
			sourceTree = "<group>";
		};
		D7F9F05927AE07D600DFD726 /* DomainTests */ = {
			isa = PBXGroup;
			children = (
				D7F9F05A27AE07D600DFD726 /* DomainTests.swift */,
			);
			path = DomainTests;
			sourceTree = "<group>";
		};
		D7F9F06E27AE080D00DFD726 /* Data */ = {
			isa = PBXGroup;
			children = (
				D7F9F10027AE36C900DFD726 /* Model */,
				D7F9F10B27AE772500DFD726 /* Repositories */,
				D7F9F0F227AE323000DFD726 /* Database */,
				D7F9F0F127AE322A00DFD726 /* Network */,
				D7F9F06F27AE080D00DFD726 /* Data.h */,
			);
			path = Data;
			sourceTree = "<group>";
		};
		D7F9F07A27AE080D00DFD726 /* DataTests */ = {
			isa = PBXGroup;
			children = (
				D728CF3027AF9FEC0077E185 /* Model */,
				D728CF2C27AF9C230077E185 /* Repositories */,
			);
			path = DataTests;
			sourceTree = "<group>";
		};
		D7F9F08E27AE08F900DFD726 /* Base */ = {
			isa = PBXGroup;
			children = (
				D7F9F09627AE095600DFD726 /* BaseViewController.swift */,
				D7F9F09827AE095F00DFD726 /* BaseViewModel.swift */,
				D7F9F0CB27AE0FFB00DFD726 /* RxBaseViewController.swift */,
			);
			path = Base;
			sourceTree = "<group>";
		};
		D7F9F08F27AE08FE00DFD726 /* Scenes */ = {
			isa = PBXGroup;
			children = (
				D7F9F0BB27AE0B2900DFD726 /* ScreenCordinator.swift */,
				D7F9F0C127AE0E9A00DFD726 /* CallList */,
				D7F9F0B627AE0AF200DFD726 /* Home */,
				D7F9F17327AF6AE300DFD726 /* GenericTableView */,
				D7F9F17627AF80CF00DFD726 /* ProductList */,
			);
			path = Scenes;
			sourceTree = "<group>";
		};
		D7F9F09127AE090E00DFD726 /* Extensions */ = {
			isa = PBXGroup;
			children = (
				D7F9F0CF27AE13B400DFD726 /* Rx */,
				D7F9F0AF27AE0A8600DFD726 /* Foundation */,
				D7F9F0AE27AE0A7F00DFD726 /* UIKit */,
			);
			path = Extensions;
			sourceTree = "<group>";
		};
		D7F9F09227AE091300DFD726 /* Utilities */ = {
			isa = PBXGroup;
			children = (
				D7F9F11C27AE810000DFD726 /* LoadingViewHelper */,
				D7F9F0D427AE264B00DFD726 /* Constraint */,
				D7F9F0B227AE0AAC00DFD726 /* DI */,
				D7F9F09A27AE098F00DFD726 /* Analytics */,
				D7F9F09327AE092700DFD726 /* Protocols */,
			);
			path = Utilities;
			sourceTree = "<group>";
		};
		D7F9F09327AE092700DFD726 /* Protocols */ = {
			isa = PBXGroup;
			children = (
				D7F9F09427AE093B00DFD726 /* ViewModelTransformable.swift */,
			);
			path = Protocols;
			sourceTree = "<group>";
		};
		D7F9F09A27AE098F00DFD726 /* Analytics */ = {
			isa = PBXGroup;
			children = (
				D7F9F09D27AE09A800DFD726 /* ThirdPartyAnaylytics */,
				D7F9F09C27AE09A100DFD726 /* InhouseAnalytics */,
				D7F9F09B27AE099900DFD726 /* Core */,
			);
			path = Analytics;
			sourceTree = "<group>";
		};
		D7F9F09B27AE099900DFD726 /* Core */ = {
			isa = PBXGroup;
			children = (
				D7F9F0A427AE0A0900DFD726 /* AnalyticsProvider.swift */,
				D7F9F0A627AE0A1A00DFD726 /* AnalyticsEventType.swift */,
				D7F9F0A827AE0A2A00DFD726 /* AnalyticsConstant.swift */,
				D7F9F0AA27AE0A3A00DFD726 /* AnalyticsService.swift */,
				D7F9F0AC27AE0A5500DFD726 /* AnalyticsServiceImpl.swift */,
			);
			path = Core;
			sourceTree = "<group>";
		};
		D7F9F09C27AE09A100DFD726 /* InhouseAnalytics */ = {
			isa = PBXGroup;
			children = (
				D7F9F09E27AE09C500DFD726 /* LocalAnalytics.swift */,
			);
			path = InhouseAnalytics;
			sourceTree = "<group>";
		};
		D7F9F09D27AE09A800DFD726 /* ThirdPartyAnaylytics */ = {
			isa = PBXGroup;
			children = (
				D7F9F0A027AE09D800DFD726 /* FirebaseAnalytics.swift */,
				D7F9F0A227AE09EB00DFD726 /* ZhugeAnalytics.swift */,
			);
			path = ThirdPartyAnaylytics;
			sourceTree = "<group>";
		};
		D7F9F0AE27AE0A7F00DFD726 /* UIKit */ = {
			isa = PBXGroup;
			children = (
				D7F9F0D227AE23AA00DFD726 /* UIWindow+Ext.swift */,
				D7F9F11A27AE808400DFD726 /* UIViewController+Ext.swift */,
				D7F9F13D27AED2F700DFD726 /* UITableViewCell+Ext.swift */,
				D7F9F13F27AED32400DFD726 /* UITableView+Ext.swift */,
			);
			path = UIKit;
			sourceTree = "<group>";
		};
		D7F9F0AF27AE0A8600DFD726 /* Foundation */ = {
			isa = PBXGroup;
			children = (
				D7F9F0B027AE0A9400DFD726 /* String+Ext.swift */,
				D7F9F10727AE754000DFD726 /* Optional+Ext.swift */,
			);
			path = Foundation;
			sourceTree = "<group>";
		};
		D7F9F0B227AE0AAC00DFD726 /* DI */ = {
			isa = PBXGroup;
			children = (
				D7F9F0B327AE0AB600DFD726 /* DependencyInjection.swift */,
			);
			path = DI;
			sourceTree = "<group>";
		};
		D7F9F0B527AE0AD300DFD726 /* Resources */ = {
			isa = PBXGroup;
			children = (
				D7F9F02027AE073900DFD726 /* Assets.xcassets */,
				D7F9F02227AE073900DFD726 /* LaunchScreen.storyboard */,
				D7F9F02527AE073900DFD726 /* Info.plist */,
				D7F9F01427AE073800DFD726 /* AppDelegate.swift */,
			);
			path = Resources;
			sourceTree = "<group>";
		};
		D7F9F0B627AE0AF200DFD726 /* Home */ = {
			isa = PBXGroup;
			children = (
				D7F9F0B727AE0B0C00DFD726 /* HomeViewController.swift */,
				D7F9F0B827AE0B0C00DFD726 /* HomeViewController.xib */,
				D7F9F0BD27AE0BA200DFD726 /* HomeViewModel.swift */,
			);
			path = Home;
			sourceTree = "<group>";
		};
		D7F9F0BF27AE0E8700DFD726 /* BuyList */ = {
			isa = PBXGroup;
			children = (
				D7F9F12727AE878200DFD726 /* BuyListViewModel.swift */,
				D7F9F12927AEC9A000DFD726 /* BuyListViewController.swift */,
			);
			path = BuyList;
			sourceTree = "<group>";
		};
		D7F9F0C027AE0E9400DFD726 /* SellList */ = {
			isa = PBXGroup;
			children = (
				D7F9F15127AEDDE100DFD726 /* SellListViewModel.swift */,
				D7F9F15327AEDE1300DFD726 /* SellListViewController.swift */,
			);
			path = SellList;
			sourceTree = "<group>";
		};
		D7F9F0C127AE0E9A00DFD726 /* CallList */ = {
			isa = PBXGroup;
			children = (
				D7F9F0DD27AE289600DFD726 /* ContactCell */,
				D7F9F0C427AE0ED100DFD726 /* CallListViewModel.swift */,
				D7F9F0C227AE0EBF00DFD726 /* CallListViewController.swift */,
				D7F9F17D27AF88A500DFD726 /* Contact+CellDescriptor.swift */,
			);
			path = CallList;
			sourceTree = "<group>";
		};
		D7F9F0CF27AE13B400DFD726 /* Rx */ = {
			isa = PBXGroup;
			children = (
				D7F9F0D027AE13C500DFD726 /* ObservableType+Ext.swift */,
				D7F9F11527AE7EDC00DFD726 /* Reactive+Ext.swift */,
				D7F9F12127AE859600DFD726 /* ActivityIndicator.swift */,
				D7F9F12327AE85AD00DFD726 /* ErrorTracker.swift */,
			);
			path = Rx;
			sourceTree = "<group>";
		};
		D7F9F0D427AE264B00DFD726 /* Constraint */ = {
			isa = PBXGroup;
			children = (
				D7F9F0D527AE265A00DFD726 /* Constraint.swift */,
			);
			path = Constraint;
			sourceTree = "<group>";
		};
		D7F9F0DA27AE288200DFD726 /* Model */ = {
			isa = PBXGroup;
			children = (
				D7F9F0DB27AE288D00DFD726 /* Contact.swift */,
				D7F9F13127AECC9800DFD726 /* ProductItem.swift */,
			);
			path = Model;
			sourceTree = "<group>";
		};
		D7F9F0DD27AE289600DFD726 /* ContactCell */ = {
			isa = PBXGroup;
			children = (
				D7F9F0DF27AE28B900DFD726 /* ContactCell.swift */,
				D7F9F0E027AE28B900DFD726 /* ContactCell.xib */,
			);
			path = ContactCell;
			sourceTree = "<group>";
		};
		D7F9F0E927AE2FB600DFD726 /* UseCases */ = {
			isa = PBXGroup;
			children = (
				D7F9F16827AF009E00DFD726 /* Protocol */,
				D7F9F16927AF00A800DFD726 /* Implement */,
			);
			path = UseCases;
			sourceTree = "<group>";
		};
		D7F9F0F027AE322300DFD726 /* Dummy */ = {
			isa = PBXGroup;
			children = (
				D7F9F0F327AE324200DFD726 /* RemoteCallListRepositoryDummy.swift */,
				D7F9F13527AECD2600DFD726 /* RemoteProductListRepositoryDummy.swift */,
				D7F9F14327AEDC2300DFD726 /* LocalProductListRepositoryDummy.swift */,
			);
			path = Dummy;
			sourceTree = "<group>";
		};
		D7F9F0F127AE322A00DFD726 /* Network */ = {
			isa = PBXGroup;
			children = (
				D7F9F10927AE771C00DFD726 /* APIClient.swift */,
				D7F9F11027AE7A0700DFD726 /* DemoAPIs.swift */,
			);
			path = Network;
			sourceTree = "<group>";
		};
		D7F9F0F227AE323000DFD726 /* Database */ = {
			isa = PBXGroup;
			children = (
				D7F9F16127AEEF4B00DFD726 /* CoreData */,
			);
			path = Database;
			sourceTree = "<group>";
		};
		D7F9F0F727AE325F00DFD726 /* Interface */ = {
			isa = PBXGroup;
			children = (
				D7F9F0F827AE327400DFD726 /* RemoteCallListRepository.swift */,
				D7F9F13727AECD3C00DFD726 /* RemoteProductListRepository.swift */,
				D7F9F14527AEDC3700DFD726 /* LocalProductListRepository.swift */,
			);
			path = Interface;
			sourceTree = "<group>";
		};
		D7F9F0FA27AE32E600DFD726 /* Frameworks */ = {
			isa = PBXGroup;
			children = (
			);
			name = Frameworks;
			sourceTree = "<group>";
		};
		D7F9F10027AE36C900DFD726 /* Model */ = {
			isa = PBXGroup;
			children = (
				D7F9F10127AE36D400DFD726 /* ContactDTO.swift */,
				D7F9F15B27AEED3F00DFD726 /* ProductItemDTO.swift */,
			);
			path = Model;
			sourceTree = "<group>";
		};
		D7F9F10B27AE772500DFD726 /* Repositories */ = {
			isa = PBXGroup;
			children = (
				D7F9F0F027AE322300DFD726 /* Dummy */,
				D7F9F0F527AE324D00DFD726 /* RemoteCallListRepositoryImpl.swift */,
				D7F9F13327AECD1B00DFD726 /* RemoteProductListRepositoryImpl.swift */,
				D7F9F14127AEDC1400DFD726 /* CoreDataProductListRepositoryImpl.swift */,
			);
			path = Repositories;
			sourceTree = "<group>";
		};
		D7F9F11C27AE810000DFD726 /* LoadingViewHelper */ = {
			isa = PBXGroup;
			children = (
				D7F9F11D27AE811000DFD726 /* LoadingViewHelper.swift */,
				D7F9F11F27AE813C00DFD726 /* LoadingView.swift */,
				D7F9F11827AE804300DFD726 /* UIViewController+Indicator.swift */,
			);
			path = LoadingViewHelper;
			sourceTree = "<group>";
		};
		D7F9F15527AEE00400DFD726 /* Common */ = {
			isa = PBXGroup;
			children = (
				D7F9F15627AEE00B00DFD726 /* Cells */,
			);
			path = Common;
			sourceTree = "<group>";
		};
		D7F9F15627AEE00B00DFD726 /* Cells */ = {
			isa = PBXGroup;
			children = (
				D7F9F15727AEE01800DFD726 /* ProductItemCell */,
			);
			path = Cells;
			sourceTree = "<group>";
		};
		D7F9F15727AEE01800DFD726 /* ProductItemCell */ = {
			isa = PBXGroup;
			children = (
				D7F9F12B27AECA8900DFD726 /* ProductItemCell.swift */,
				D7F9F12C27AECA8900DFD726 /* ProductItemCell.xib */,
			);
			path = ProductItemCell;
			sourceTree = "<group>";
		};
		D7F9F16127AEEF4B00DFD726 /* CoreData */ = {
			isa = PBXGroup;
			children = (
				D7F9F15827AEEB7A00DFD726 /* Data.xcdatamodeld */,
				D7F9F15D27AEEDAC00DFD726 /* CoreDataStack.swift */,
				D7F9F15F27AEEF2500DFD726 /* BaseCoreData.swift */,
				D7F9F16627AEF6E700DFD726 /* NSPersistentContainer+Ext.swift */,
			);
			path = CoreData;
			sourceTree = "<group>";
		};
		D7F9F16827AF009E00DFD726 /* Protocol */ = {
			isa = PBXGroup;
			children = (
				D7F9F0EC27AE300200DFD726 /* CallListUseCase.swift */,
				D7F9F13927AECF3100DFD726 /* BuyListUseCase.swift */,
				D7F9F14B27AEDD3E00DFD726 /* SellListUseCase.swift */,
			);
			path = Protocol;
			sourceTree = "<group>";
		};
		D7F9F16927AF00A800DFD726 /* Implement */ = {
			isa = PBXGroup;
			children = (
				D7F9F0EA27AE2FE000DFD726 /* CallListUseCaseImpl.swift */,
				D7F9F13B27AECF3B00DFD726 /* BuyListUseCaseImpl.swift */,
				D7F9F14D27AEDD6600DFD726 /* SellListUseCaseImpl.swift */,
			);
			path = Implement;
			sourceTree = "<group>";
		};
		D7F9F17327AF6AE300DFD726 /* GenericTableView */ = {
			isa = PBXGroup;
			children = (
				D7F9F16F27AF05F800DFD726 /* GenericTableViewController.swift */,
				D7F9F17427AF6AF700DFD726 /* CellDescriptor.swift */,
			);
			path = GenericTableView;
			sourceTree = "<group>";
		};
		D7F9F17627AF80CF00DFD726 /* ProductList */ = {
			isa = PBXGroup;
			children = (
				D7F9F0BF27AE0E8700DFD726 /* BuyList */,
				D7F9F0C027AE0E9400DFD726 /* SellList */,
				D7F9F17B27AF846F00DFD726 /* ProductItem+CellDescriptor.swift */,
			);
			path = ProductList;
			sourceTree = "<group>";
		};
/* End PBXGroup section */

/* Begin PBXHeadersBuildPhase section */
		D7F9F04727AE07D600DFD726 /* Headers */ = {
			isa = PBXHeadersBuildPhase;
			buildActionMask = 2147483647;
			files = (
				D7F9F05C27AE07D600DFD726 /* Domain.h in Headers */,
			);
			runOnlyForDeploymentPostprocessing = 0;
		};
		D7F9F06827AE080D00DFD726 /* Headers */ = {
			isa = PBXHeadersBuildPhase;
			buildActionMask = 2147483647;
			files = (
				D7F9F07D27AE080D00DFD726 /* Data.h in Headers */,
			);
			runOnlyForDeploymentPostprocessing = 0;
		};
/* End PBXHeadersBuildPhase section */

/* Begin PBXNativeTarget section */
		D7F9F01027AE073800DFD726 /* App */ = {
			isa = PBXNativeTarget;
			buildConfigurationList = D7F9F03E27AE073900DFD726 /* Build configuration list for PBXNativeTarget "App" */;
			buildPhases = (
				D7F9F00D27AE073800DFD726 /* Sources */,
				D7F9F00E27AE073800DFD726 /* Frameworks */,
				D7F9F00F27AE073800DFD726 /* Resources */,
				D7F9F06427AE07D600DFD726 /* Embed Frameworks */,
			);
			buildRules = (
			);
			dependencies = (
				D7F9F05E27AE07D600DFD726 /* PBXTargetDependency */,
				D7F9F07F27AE080D00DFD726 /* PBXTargetDependency */,
			);
			name = App;
			packageProductDependencies = (
				D728CF1E27AF9A8B0077E185 /* RxCocoa */,
				D728CF2627AF9AFD0077E185 /* Swinject */,
				D728CF2927AF9B150077E185 /* NVActivityIndicatorView */,
			);
			productName = App;
			productReference = D7F9F01127AE073800DFD726 /* App.app */;
			productType = "com.apple.product-type.application";
		};
		D7F9F02927AE073900DFD726 /* AppTests */ = {
			isa = PBXNativeTarget;
			buildConfigurationList = D7F9F04127AE073900DFD726 /* Build configuration list for PBXNativeTarget "AppTests" */;
			buildPhases = (
				D7F9F02627AE073900DFD726 /* Sources */,
				D7F9F02727AE073900DFD726 /* Frameworks */,
				D7F9F02827AE073900DFD726 /* Resources */,
			);
			buildRules = (
			);
			dependencies = (
				D7F9F02C27AE073900DFD726 /* PBXTargetDependency */,
			);
			name = AppTests;
			productName = AppTests;
			productReference = D7F9F02A27AE073900DFD726 /* AppTests.xctest */;
			productType = "com.apple.product-type.bundle.unit-test";
		};
		D7F9F04B27AE07D600DFD726 /* Domain */ = {
			isa = PBXNativeTarget;
			buildConfigurationList = D7F9F06127AE07D600DFD726 /* Build configuration list for PBXNativeTarget "Domain" */;
			buildPhases = (
				D7F9F04727AE07D600DFD726 /* Headers */,
				D7F9F04827AE07D600DFD726 /* Sources */,
				D7F9F04927AE07D600DFD726 /* Frameworks */,
				D7F9F04A27AE07D600DFD726 /* Resources */,
			);
			buildRules = (
			);
			dependencies = (
			);
			name = Domain;
			packageProductDependencies = (
				D728CF2027AF9A8B0077E185 /* RxSwift */,
			);
			productName = Domain;
			productReference = D7F9F04C27AE07D600DFD726 /* Domain.framework */;
			productType = "com.apple.product-type.framework";
		};
		D7F9F05227AE07D600DFD726 /* DomainTests */ = {
			isa = PBXNativeTarget;
			buildConfigurationList = D7F9F06527AE07D600DFD726 /* Build configuration list for PBXNativeTarget "DomainTests" */;
			buildPhases = (
				D7F9F04F27AE07D600DFD726 /* Sources */,
				D7F9F05027AE07D600DFD726 /* Frameworks */,
				D7F9F05127AE07D600DFD726 /* Resources */,
			);
			buildRules = (
			);
			dependencies = (
				D7F9F05627AE07D600DFD726 /* PBXTargetDependency */,
				D7F9F05827AE07D600DFD726 /* PBXTargetDependency */,
			);
			name = DomainTests;
			productName = DomainTests;
			productReference = D7F9F05327AE07D600DFD726 /* DomainTests.xctest */;
			productType = "com.apple.product-type.bundle.unit-test";
		};
		D7F9F06C27AE080D00DFD726 /* Data */ = {
			isa = PBXNativeTarget;
			buildConfigurationList = D7F9F08227AE080D00DFD726 /* Build configuration list for PBXNativeTarget "Data" */;
			buildPhases = (
				D7F9F06827AE080D00DFD726 /* Headers */,
				D7F9F06927AE080D00DFD726 /* Sources */,
				D7F9F06A27AE080D00DFD726 /* Frameworks */,
				D7F9F06B27AE080D00DFD726 /* Resources */,
				D7F9F0FF27AE32E700DFD726 /* Embed Frameworks */,
			);
			buildRules = (
			);
			dependencies = (
				D7F9F0FE27AE32E600DFD726 /* PBXTargetDependency */,
			);
			name = Data;
			packageProductDependencies = (
				D728CF2327AF9ACD0077E185 /* Moya */,
			);
			productName = Data;
			productReference = D7F9F06D27AE080D00DFD726 /* Data.framework */;
			productType = "com.apple.product-type.framework";
		};
		D7F9F07327AE080D00DFD726 /* DataTests */ = {
			isa = PBXNativeTarget;
			buildConfigurationList = D7F9F08527AE080D00DFD726 /* Build configuration list for PBXNativeTarget "DataTests" */;
			buildPhases = (
				D7F9F07027AE080D00DFD726 /* Sources */,
				D7F9F07127AE080D00DFD726 /* Frameworks */,
				D7F9F07227AE080D00DFD726 /* Resources */,
			);
			buildRules = (
			);
			dependencies = (
				D7F9F07727AE080D00DFD726 /* PBXTargetDependency */,
				D7F9F07927AE080D00DFD726 /* PBXTargetDependency */,
			);
			name = DataTests;
			productName = DataTests;
			productReference = D7F9F07427AE080D00DFD726 /* DataTests.xctest */;
			productType = "com.apple.product-type.bundle.unit-test";
		};
/* End PBXNativeTarget section */

/* Begin PBXProject section */
		D7F9F00927AE073800DFD726 /* Project object */ = {
			isa = PBXProject;
			attributes = {
				BuildIndependentTargetsInParallel = 1;
				LastSwiftUpdateCheck = 1320;
				LastUpgradeCheck = 1320;
				TargetAttributes = {
					D7F9F01027AE073800DFD726 = {
						CreatedOnToolsVersion = 13.2.1;
					};
					D7F9F02927AE073900DFD726 = {
						CreatedOnToolsVersion = 13.2.1;
						TestTargetID = D7F9F01027AE073800DFD726;
					};
					D7F9F04B27AE07D600DFD726 = {
						CreatedOnToolsVersion = 13.2.1;
						LastSwiftMigration = 1320;
					};
					D7F9F05227AE07D600DFD726 = {
						CreatedOnToolsVersion = 13.2.1;
						TestTargetID = D7F9F01027AE073800DFD726;
					};
					D7F9F06C27AE080D00DFD726 = {
						CreatedOnToolsVersion = 13.2.1;
						LastSwiftMigration = 1320;
					};
					D7F9F07327AE080D00DFD726 = {
						CreatedOnToolsVersion = 13.2.1;
						TestTargetID = D7F9F01027AE073800DFD726;
					};
				};
			};
			buildConfigurationList = D7F9F00C27AE073800DFD726 /* Build configuration list for PBXProject "TodoApps" */;
			compatibilityVersion = "Xcode 13.0";
			developmentRegion = en;
			hasScannedForEncodings = 0;
			knownRegions = (
				en,
				Base,
			);
			mainGroup = D7F9F00827AE073800DFD726;
			packageReferences = (
				D728CF1D27AF9A8B0077E185 /* XCRemoteSwiftPackageReference "RxSwift" */,
				D728CF2227AF9ACD0077E185 /* XCRemoteSwiftPackageReference "Moya" */,
				D728CF2527AF9AFD0077E185 /* XCRemoteSwiftPackageReference "Swinject" */,
				D728CF2827AF9B140077E185 /* XCRemoteSwiftPackageReference "NVActivityIndicatorView" */,
			);
			productRefGroup = D7F9F01227AE073800DFD726 /* Products */;
			projectDirPath = "";
			projectRoot = "";
			targets = (
				D7F9F01027AE073800DFD726 /* App */,
				D7F9F02927AE073900DFD726 /* AppTests */,
				D7F9F04B27AE07D600DFD726 /* Domain */,
				D7F9F05227AE07D600DFD726 /* DomainTests */,
				D7F9F06C27AE080D00DFD726 /* Data */,
				D7F9F07327AE080D00DFD726 /* DataTests */,
			);
		};
/* End PBXProject section */

/* Begin PBXResourcesBuildPhase section */
		D7F9F00F27AE073800DFD726 /* Resources */ = {
			isa = PBXResourcesBuildPhase;
			buildActionMask = 2147483647;
			files = (
				D7F9F12E27AECA8900DFD726 /* ProductItemCell.xib in Resources */,
				D7F9F0E227AE28B900DFD726 /* ContactCell.xib in Resources */,
				D7F9F02427AE073900DFD726 /* LaunchScreen.storyboard in Resources */,
				D7F9F02127AE073900DFD726 /* Assets.xcassets in Resources */,
				D7F9F0BA27AE0B0C00DFD726 /* HomeViewController.xib in Resources */,
			);
			runOnlyForDeploymentPostprocessing = 0;
		};
		D7F9F02827AE073900DFD726 /* Resources */ = {
			isa = PBXResourcesBuildPhase;
			buildActionMask = 2147483647;
			files = (
			);
			runOnlyForDeploymentPostprocessing = 0;
		};
		D7F9F04A27AE07D600DFD726 /* Resources */ = {
			isa = PBXResourcesBuildPhase;
			buildActionMask = 2147483647;
			files = (
			);
			runOnlyForDeploymentPostprocessing = 0;
		};
		D7F9F05127AE07D600DFD726 /* Resources */ = {
			isa = PBXResourcesBuildPhase;
			buildActionMask = 2147483647;
			files = (
			);
			runOnlyForDeploymentPostprocessing = 0;
		};
		D7F9F06B27AE080D00DFD726 /* Resources */ = {
			isa = PBXResourcesBuildPhase;
			buildActionMask = 2147483647;
			files = (
			);
			runOnlyForDeploymentPostprocessing = 0;
		};
		D7F9F07227AE080D00DFD726 /* Resources */ = {
			isa = PBXResourcesBuildPhase;
			buildActionMask = 2147483647;
			files = (
			);
			runOnlyForDeploymentPostprocessing = 0;
		};
/* End PBXResourcesBuildPhase section */

/* Begin PBXSourcesBuildPhase section */
		D7F9F00D27AE073800DFD726 /* Sources */ = {
			isa = PBXSourcesBuildPhase;
			buildActionMask = 2147483647;
			files = (
				D7F9F0D627AE265A00DFD726 /* Constraint.swift in Sources */,
				D7F9F09727AE095600DFD726 /* BaseViewController.swift in Sources */,
				D7F9F11927AE804300DFD726 /* UIViewController+Indicator.swift in Sources */,
				D7F9F0BE27AE0BA200DFD726 /* HomeViewModel.swift in Sources */,
				D7F9F0AB27AE0A3A00DFD726 /* AnalyticsService.swift in Sources */,
				D7F9F12A27AEC9A000DFD726 /* BuyListViewController.swift in Sources */,
				D7F9F0AD27AE0A5500DFD726 /* AnalyticsServiceImpl.swift in Sources */,
				D7F9F0D127AE13C500DFD726 /* ObservableType+Ext.swift in Sources */,
				D7F9F11627AE7EDC00DFD726 /* Reactive+Ext.swift in Sources */,
				D7F9F17027AF05F800DFD726 /* GenericTableViewController.swift in Sources */,
				D7F9F15227AEDDE100DFD726 /* SellListViewModel.swift in Sources */,
				D7F9F0B127AE0A9400DFD726 /* String+Ext.swift in Sources */,
				D7F9F0CC27AE0FFB00DFD726 /* RxBaseViewController.swift in Sources */,
				D7F9F0BC27AE0B2900DFD726 /* ScreenCordinator.swift in Sources */,
				D7F9F17527AF6AF700DFD726 /* CellDescriptor.swift in Sources */,
				D7F9F0A327AE09EB00DFD726 /* ZhugeAnalytics.swift in Sources */,
				D7F9F0B427AE0AB600DFD726 /* DependencyInjection.swift in Sources */,
				D7F9F13E27AED2F700DFD726 /* UITableViewCell+Ext.swift in Sources */,
				D7F9F0D327AE23AA00DFD726 /* UIWindow+Ext.swift in Sources */,
				D7F9F12D27AECA8900DFD726 /* ProductItemCell.swift in Sources */,
				D7F9F17E27AF88A500DFD726 /* Contact+CellDescriptor.swift in Sources */,
				D7F9F09F27AE09C500DFD726 /* LocalAnalytics.swift in Sources */,
				D7F9F10827AE754000DFD726 /* Optional+Ext.swift in Sources */,
				D7F9F12427AE85AD00DFD726 /* ErrorTracker.swift in Sources */,
				D7F9F0A127AE09D800DFD726 /* FirebaseAnalytics.swift in Sources */,
				D7F9F0E127AE28B900DFD726 /* ContactCell.swift in Sources */,
				D7F9F01527AE073800DFD726 /* AppDelegate.swift in Sources */,
				D7F9F09527AE093B00DFD726 /* ViewModelTransformable.swift in Sources */,
				D7F9F14027AED32400DFD726 /* UITableView+Ext.swift in Sources */,
				D7F9F0B927AE0B0C00DFD726 /* HomeViewController.swift in Sources */,
				D7F9F0A927AE0A2A00DFD726 /* AnalyticsConstant.swift in Sources */,
				D7F9F17C27AF846F00DFD726 /* ProductItem+CellDescriptor.swift in Sources */,
				D7F9F11E27AE811000DFD726 /* LoadingViewHelper.swift in Sources */,
				D7F9F09927AE095F00DFD726 /* BaseViewModel.swift in Sources */,
				D7F9F0A727AE0A1A00DFD726 /* AnalyticsEventType.swift in Sources */,
				D7F9F0A527AE0A0900DFD726 /* AnalyticsProvider.swift in Sources */,
				D7F9F0C527AE0ED100DFD726 /* CallListViewModel.swift in Sources */,
				D7F9F15427AEDE1300DFD726 /* SellListViewController.swift in Sources */,
				D7F9F12227AE859600DFD726 /* ActivityIndicator.swift in Sources */,
				D7F9F11B27AE808400DFD726 /* UIViewController+Ext.swift in Sources */,
				D7F9F12827AE878200DFD726 /* BuyListViewModel.swift in Sources */,
				D7F9F12027AE813C00DFD726 /* LoadingView.swift in Sources */,
				D7F9F0C327AE0EBF00DFD726 /* CallListViewController.swift in Sources */,
			);
			runOnlyForDeploymentPostprocessing = 0;
		};
		D7F9F02627AE073900DFD726 /* Sources */ = {
			isa = PBXSourcesBuildPhase;
			buildActionMask = 2147483647;
			files = (
				D7F9F02F27AE073900DFD726 /* AppTests.swift in Sources */,
			);
			runOnlyForDeploymentPostprocessing = 0;
		};
		D7F9F04827AE07D600DFD726 /* Sources */ = {
			isa = PBXSourcesBuildPhase;
			buildActionMask = 2147483647;
			files = (
				D7F9F13A27AECF3100DFD726 /* BuyListUseCase.swift in Sources */,
				D7F9F13827AECD3C00DFD726 /* RemoteProductListRepository.swift in Sources */,
				D7F9F13C27AECF3B00DFD726 /* BuyListUseCaseImpl.swift in Sources */,
				D7F9F14627AEDC3700DFD726 /* LocalProductListRepository.swift in Sources */,
				D7F9F0EF27AE314500DFD726 /* Contact.swift in Sources */,
				D7F9F14C27AEDD3E00DFD726 /* SellListUseCase.swift in Sources */,
				D7F9F13227AECC9800DFD726 /* ProductItem.swift in Sources */,
				D7F9F0EB27AE2FE100DFD726 /* CallListUseCaseImpl.swift in Sources */,
				D7F9F0EE27AE311F00DFD726 /* CallListUseCase.swift in Sources */,
				D7F9F0F927AE327400DFD726 /* RemoteCallListRepository.swift in Sources */,
				D7F9F14E27AEDD6600DFD726 /* SellListUseCaseImpl.swift in Sources */,
			);
			runOnlyForDeploymentPostprocessing = 0;
		};
		D7F9F04F27AE07D600DFD726 /* Sources */ = {
			isa = PBXSourcesBuildPhase;
			buildActionMask = 2147483647;
			files = (
				D7F9F05B27AE07D600DFD726 /* DomainTests.swift in Sources */,
			);
			runOnlyForDeploymentPostprocessing = 0;
		};
		D7F9F06927AE080D00DFD726 /* Sources */ = {
			isa = PBXSourcesBuildPhase;
			buildActionMask = 2147483647;
			files = (
				D7F9F10227AE36D400DFD726 /* ContactDTO.swift in Sources */,
				D7F9F0F627AE324D00DFD726 /* RemoteCallListRepositoryImpl.swift in Sources */,
				D7F9F0F427AE324200DFD726 /* RemoteCallListRepositoryDummy.swift in Sources */,
				D7F9F15E27AEEDAC00DFD726 /* CoreDataStack.swift in Sources */,
				D7F9F11127AE7A0700DFD726 /* DemoAPIs.swift in Sources */,
				D7F9F16527AEF5F500DFD726 /* Data.xcdatamodeld in Sources */,
				D7F9F13427AECD1B00DFD726 /* RemoteProductListRepositoryImpl.swift in Sources */,
				D7F9F15C27AEED3F00DFD726 /* ProductItemDTO.swift in Sources */,
				D7F9F14427AEDC2300DFD726 /* LocalProductListRepositoryDummy.swift in Sources */,
				D7F9F10A27AE771C00DFD726 /* APIClient.swift in Sources */,
				D7F9F14227AEDC1400DFD726 /* CoreDataProductListRepositoryImpl.swift in Sources */,
				D7F9F13627AECD2600DFD726 /* RemoteProductListRepositoryDummy.swift in Sources */,
				D7F9F16027AEEF2500DFD726 /* BaseCoreData.swift in Sources */,
				D7F9F16727AEF6E700DFD726 /* NSPersistentContainer+Ext.swift in Sources */,
			);
			runOnlyForDeploymentPostprocessing = 0;
		};
		D7F9F07027AE080D00DFD726 /* Sources */ = {
			isa = PBXSourcesBuildPhase;
			buildActionMask = 2147483647;
			files = (
				D728CF3227AF9FFB0077E185 /* ContactDTOTest.swift in Sources */,
				D728CF2E27AF9C890077E185 /* CoreDataProductListRepositoryTest.swift in Sources */,
				D728CF3427AFA0B30077E185 /* ProductItemDTOTest.swift in Sources */,
			);
			runOnlyForDeploymentPostprocessing = 0;
		};
/* End PBXSourcesBuildPhase section */

/* Begin PBXTargetDependency section */
		D7F9F02C27AE073900DFD726 /* PBXTargetDependency */ = {
			isa = PBXTargetDependency;
			target = D7F9F01027AE073800DFD726 /* App */;
			targetProxy = D7F9F02B27AE073900DFD726 /* PBXContainerItemProxy */;
		};
		D7F9F05627AE07D600DFD726 /* PBXTargetDependency */ = {
			isa = PBXTargetDependency;
			target = D7F9F04B27AE07D600DFD726 /* Domain */;
			targetProxy = D7F9F05527AE07D600DFD726 /* PBXContainerItemProxy */;
		};
		D7F9F05827AE07D600DFD726 /* PBXTargetDependency */ = {
			isa = PBXTargetDependency;
			target = D7F9F01027AE073800DFD726 /* App */;
			targetProxy = D7F9F05727AE07D600DFD726 /* PBXContainerItemProxy */;
		};
		D7F9F05E27AE07D600DFD726 /* PBXTargetDependency */ = {
			isa = PBXTargetDependency;
			target = D7F9F04B27AE07D600DFD726 /* Domain */;
			targetProxy = D7F9F05D27AE07D600DFD726 /* PBXContainerItemProxy */;
		};
		D7F9F07727AE080D00DFD726 /* PBXTargetDependency */ = {
			isa = PBXTargetDependency;
			target = D7F9F06C27AE080D00DFD726 /* Data */;
			targetProxy = D7F9F07627AE080D00DFD726 /* PBXContainerItemProxy */;
		};
		D7F9F07927AE080D00DFD726 /* PBXTargetDependency */ = {
			isa = PBXTargetDependency;
			target = D7F9F01027AE073800DFD726 /* App */;
			targetProxy = D7F9F07827AE080D00DFD726 /* PBXContainerItemProxy */;
		};
		D7F9F07F27AE080D00DFD726 /* PBXTargetDependency */ = {
			isa = PBXTargetDependency;
			target = D7F9F06C27AE080D00DFD726 /* Data */;
			targetProxy = D7F9F07E27AE080D00DFD726 /* PBXContainerItemProxy */;
		};
		D7F9F0FE27AE32E600DFD726 /* PBXTargetDependency */ = {
			isa = PBXTargetDependency;
			target = D7F9F04B27AE07D600DFD726 /* Domain */;
			targetProxy = D7F9F0FD27AE32E600DFD726 /* PBXContainerItemProxy */;
		};
/* End PBXTargetDependency section */

/* Begin PBXVariantGroup section */
		D7F9F02227AE073900DFD726 /* LaunchScreen.storyboard */ = {
			isa = PBXVariantGroup;
			children = (
				D7F9F02327AE073900DFD726 /* Base */,
			);
			name = LaunchScreen.storyboard;
			sourceTree = "<group>";
		};
/* End PBXVariantGroup section */

/* Begin XCBuildConfiguration section */
		D7F9F03C27AE073900DFD726 /* Debug */ = {
			isa = XCBuildConfiguration;
			buildSettings = {
				ALWAYS_SEARCH_USER_PATHS = NO;
				CLANG_ANALYZER_NONNULL = YES;
				CLANG_ANALYZER_NUMBER_OBJECT_CONVERSION = YES_AGGRESSIVE;
				CLANG_CXX_LANGUAGE_STANDARD = "gnu++17";
				CLANG_CXX_LIBRARY = "libc++";
				CLANG_ENABLE_MODULES = YES;
				CLANG_ENABLE_OBJC_ARC = YES;
				CLANG_ENABLE_OBJC_WEAK = YES;
				CLANG_WARN_BLOCK_CAPTURE_AUTORELEASING = YES;
				CLANG_WARN_BOOL_CONVERSION = YES;
				CLANG_WARN_COMMA = YES;
				CLANG_WARN_CONSTANT_CONVERSION = YES;
				CLANG_WARN_DEPRECATED_OBJC_IMPLEMENTATIONS = YES;
				CLANG_WARN_DIRECT_OBJC_ISA_USAGE = YES_ERROR;
				CLANG_WARN_DOCUMENTATION_COMMENTS = YES;
				CLANG_WARN_EMPTY_BODY = YES;
				CLANG_WARN_ENUM_CONVERSION = YES;
				CLANG_WARN_INFINITE_RECURSION = YES;
				CLANG_WARN_INT_CONVERSION = YES;
				CLANG_WARN_NON_LITERAL_NULL_CONVERSION = YES;
				CLANG_WARN_OBJC_IMPLICIT_RETAIN_SELF = YES;
				CLANG_WARN_OBJC_LITERAL_CONVERSION = YES;
				CLANG_WARN_OBJC_ROOT_CLASS = YES_ERROR;
				CLANG_WARN_QUOTED_INCLUDE_IN_FRAMEWORK_HEADER = YES;
				CLANG_WARN_RANGE_LOOP_ANALYSIS = YES;
				CLANG_WARN_STRICT_PROTOTYPES = YES;
				CLANG_WARN_SUSPICIOUS_MOVE = YES;
				CLANG_WARN_UNGUARDED_AVAILABILITY = YES_AGGRESSIVE;
				CLANG_WARN_UNREACHABLE_CODE = YES;
				CLANG_WARN__DUPLICATE_METHOD_MATCH = YES;
				COPY_PHASE_STRIP = NO;
				DEBUG_INFORMATION_FORMAT = dwarf;
				ENABLE_STRICT_OBJC_MSGSEND = YES;
				ENABLE_TESTABILITY = YES;
				GCC_C_LANGUAGE_STANDARD = gnu11;
				GCC_DYNAMIC_NO_PIC = NO;
				GCC_NO_COMMON_BLOCKS = YES;
				GCC_OPTIMIZATION_LEVEL = 0;
				GCC_PREPROCESSOR_DEFINITIONS = (
					"DEBUG=1",
					"$(inherited)",
				);
				GCC_WARN_64_TO_32_BIT_CONVERSION = YES;
				GCC_WARN_ABOUT_RETURN_TYPE = YES_ERROR;
				GCC_WARN_UNDECLARED_SELECTOR = YES;
				GCC_WARN_UNINITIALIZED_AUTOS = YES_AGGRESSIVE;
				GCC_WARN_UNUSED_FUNCTION = YES;
				GCC_WARN_UNUSED_VARIABLE = YES;
				IPHONEOS_DEPLOYMENT_TARGET = 12;
				MTL_ENABLE_DEBUG_INFO = INCLUDE_SOURCE;
				MTL_FAST_MATH = YES;
				ONLY_ACTIVE_ARCH = YES;
				SDKROOT = iphoneos;
				SWIFT_ACTIVE_COMPILATION_CONDITIONS = DEBUG;
				SWIFT_OPTIMIZATION_LEVEL = "-Onone";
			};
			name = Debug;
		};
		D7F9F03D27AE073900DFD726 /* Release */ = {
			isa = XCBuildConfiguration;
			buildSettings = {
				ALWAYS_SEARCH_USER_PATHS = NO;
				CLANG_ANALYZER_NONNULL = YES;
				CLANG_ANALYZER_NUMBER_OBJECT_CONVERSION = YES_AGGRESSIVE;
				CLANG_CXX_LANGUAGE_STANDARD = "gnu++17";
				CLANG_CXX_LIBRARY = "libc++";
				CLANG_ENABLE_MODULES = YES;
				CLANG_ENABLE_OBJC_ARC = YES;
				CLANG_ENABLE_OBJC_WEAK = YES;
				CLANG_WARN_BLOCK_CAPTURE_AUTORELEASING = YES;
				CLANG_WARN_BOOL_CONVERSION = YES;
				CLANG_WARN_COMMA = YES;
				CLANG_WARN_CONSTANT_CONVERSION = YES;
				CLANG_WARN_DEPRECATED_OBJC_IMPLEMENTATIONS = YES;
				CLANG_WARN_DIRECT_OBJC_ISA_USAGE = YES_ERROR;
				CLANG_WARN_DOCUMENTATION_COMMENTS = YES;
				CLANG_WARN_EMPTY_BODY = YES;
				CLANG_WARN_ENUM_CONVERSION = YES;
				CLANG_WARN_INFINITE_RECURSION = YES;
				CLANG_WARN_INT_CONVERSION = YES;
				CLANG_WARN_NON_LITERAL_NULL_CONVERSION = YES;
				CLANG_WARN_OBJC_IMPLICIT_RETAIN_SELF = YES;
				CLANG_WARN_OBJC_LITERAL_CONVERSION = YES;
				CLANG_WARN_OBJC_ROOT_CLASS = YES_ERROR;
				CLANG_WARN_QUOTED_INCLUDE_IN_FRAMEWORK_HEADER = YES;
				CLANG_WARN_RANGE_LOOP_ANALYSIS = YES;
				CLANG_WARN_STRICT_PROTOTYPES = YES;
				CLANG_WARN_SUSPICIOUS_MOVE = YES;
				CLANG_WARN_UNGUARDED_AVAILABILITY = YES_AGGRESSIVE;
				CLANG_WARN_UNREACHABLE_CODE = YES;
				CLANG_WARN__DUPLICATE_METHOD_MATCH = YES;
				COPY_PHASE_STRIP = NO;
				DEBUG_INFORMATION_FORMAT = "dwarf-with-dsym";
				ENABLE_NS_ASSERTIONS = NO;
				ENABLE_STRICT_OBJC_MSGSEND = YES;
				GCC_C_LANGUAGE_STANDARD = gnu11;
				GCC_NO_COMMON_BLOCKS = YES;
				GCC_WARN_64_TO_32_BIT_CONVERSION = YES;
				GCC_WARN_ABOUT_RETURN_TYPE = YES_ERROR;
				GCC_WARN_UNDECLARED_SELECTOR = YES;
				GCC_WARN_UNINITIALIZED_AUTOS = YES_AGGRESSIVE;
				GCC_WARN_UNUSED_FUNCTION = YES;
				GCC_WARN_UNUSED_VARIABLE = YES;
				IPHONEOS_DEPLOYMENT_TARGET = 12;
				MTL_ENABLE_DEBUG_INFO = NO;
				MTL_FAST_MATH = YES;
				SDKROOT = iphoneos;
				SWIFT_COMPILATION_MODE = wholemodule;
				SWIFT_OPTIMIZATION_LEVEL = "-O";
				VALIDATE_PRODUCT = YES;
			};
			name = Release;
		};
		D7F9F03F27AE073900DFD726 /* Debug */ = {
			isa = XCBuildConfiguration;
			buildSettings = {
				ALWAYS_EMBED_SWIFT_STANDARD_LIBRARIES = YES;
				ASSETCATALOG_COMPILER_APPICON_NAME = AppIcon;
				ASSETCATALOG_COMPILER_GLOBAL_ACCENT_COLOR_NAME = AccentColor;
				CODE_SIGN_STYLE = Automatic;
				CURRENT_PROJECT_VERSION = 1;
				GENERATE_INFOPLIST_FILE = YES;
				INFOPLIST_FILE = App/Info.plist;
				INFOPLIST_KEY_UIApplicationSupportsIndirectInputEvents = YES;
				INFOPLIST_KEY_UILaunchStoryboardName = LaunchScreen;
				INFOPLIST_KEY_UISupportedInterfaceOrientations_iPad = "UIInterfaceOrientationPortrait UIInterfaceOrientationPortraitUpsideDown UIInterfaceOrientationLandscapeLeft UIInterfaceOrientationLandscapeRight";
				INFOPLIST_KEY_UISupportedInterfaceOrientations_iPhone = "UIInterfaceOrientationPortrait UIInterfaceOrientationLandscapeLeft UIInterfaceOrientationLandscapeRight";
				LD_RUNPATH_SEARCH_PATHS = (
					"$(inherited)",
					"@executable_path/Frameworks",
				);
				MARKETING_VERSION = 1.0;
				PRODUCT_BUNDLE_IDENTIFIER = com.datnguyen.todo.App;
				PRODUCT_NAME = "$(TARGET_NAME)";
				SWIFT_EMIT_LOC_STRINGS = YES;
				SWIFT_VERSION = 5.0;
				TARGETED_DEVICE_FAMILY = "1,2";
			};
			name = Debug;
		};
		D7F9F04027AE073900DFD726 /* Release */ = {
			isa = XCBuildConfiguration;
			buildSettings = {
				ALWAYS_EMBED_SWIFT_STANDARD_LIBRARIES = YES;
				ASSETCATALOG_COMPILER_APPICON_NAME = AppIcon;
				ASSETCATALOG_COMPILER_GLOBAL_ACCENT_COLOR_NAME = AccentColor;
				CODE_SIGN_STYLE = Automatic;
				CURRENT_PROJECT_VERSION = 1;
				GENERATE_INFOPLIST_FILE = YES;
				INFOPLIST_FILE = App/Info.plist;
				INFOPLIST_KEY_UIApplicationSupportsIndirectInputEvents = YES;
				INFOPLIST_KEY_UILaunchStoryboardName = LaunchScreen;
				INFOPLIST_KEY_UISupportedInterfaceOrientations_iPad = "UIInterfaceOrientationPortrait UIInterfaceOrientationPortraitUpsideDown UIInterfaceOrientationLandscapeLeft UIInterfaceOrientationLandscapeRight";
				INFOPLIST_KEY_UISupportedInterfaceOrientations_iPhone = "UIInterfaceOrientationPortrait UIInterfaceOrientationLandscapeLeft UIInterfaceOrientationLandscapeRight";
				LD_RUNPATH_SEARCH_PATHS = (
					"$(inherited)",
					"@executable_path/Frameworks",
				);
				MARKETING_VERSION = 1.0;
				PRODUCT_BUNDLE_IDENTIFIER = com.datnguyen.todo.App;
				PRODUCT_NAME = "$(TARGET_NAME)";
				SWIFT_EMIT_LOC_STRINGS = YES;
				SWIFT_VERSION = 5.0;
				TARGETED_DEVICE_FAMILY = "1,2";
			};
			name = Release;
		};
		D7F9F04227AE073900DFD726 /* Debug */ = {
			isa = XCBuildConfiguration;
			buildSettings = {
				ALWAYS_EMBED_SWIFT_STANDARD_LIBRARIES = YES;
				BUNDLE_LOADER = "$(TEST_HOST)";
				CODE_SIGN_STYLE = Automatic;
				CURRENT_PROJECT_VERSION = 1;
				GENERATE_INFOPLIST_FILE = YES;
				IPHONEOS_DEPLOYMENT_TARGET = 15.2;
				MARKETING_VERSION = 1.0;
				PRODUCT_BUNDLE_IDENTIFIER = com.datnguyen.AppTests;
				PRODUCT_NAME = "$(TARGET_NAME)";
				SWIFT_EMIT_LOC_STRINGS = NO;
				SWIFT_VERSION = 5.0;
				TARGETED_DEVICE_FAMILY = "1,2";
				TEST_HOST = "$(BUILT_PRODUCTS_DIR)/App.app/App";
			};
			name = Debug;
		};
		D7F9F04327AE073900DFD726 /* Release */ = {
			isa = XCBuildConfiguration;
			buildSettings = {
				ALWAYS_EMBED_SWIFT_STANDARD_LIBRARIES = YES;
				BUNDLE_LOADER = "$(TEST_HOST)";
				CODE_SIGN_STYLE = Automatic;
				CURRENT_PROJECT_VERSION = 1;
				GENERATE_INFOPLIST_FILE = YES;
				IPHONEOS_DEPLOYMENT_TARGET = 15.2;
				MARKETING_VERSION = 1.0;
				PRODUCT_BUNDLE_IDENTIFIER = com.datnguyen.AppTests;
				PRODUCT_NAME = "$(TARGET_NAME)";
				SWIFT_EMIT_LOC_STRINGS = NO;
				SWIFT_VERSION = 5.0;
				TARGETED_DEVICE_FAMILY = "1,2";
				TEST_HOST = "$(BUILT_PRODUCTS_DIR)/App.app/App";
			};
			name = Release;
		};
		D7F9F06227AE07D600DFD726 /* Debug */ = {
			isa = XCBuildConfiguration;
			buildSettings = {
				CLANG_ENABLE_MODULES = YES;
				CODE_SIGN_STYLE = Automatic;
				CURRENT_PROJECT_VERSION = 1;
				DEFINES_MODULE = YES;
				DYLIB_COMPATIBILITY_VERSION = 1;
				DYLIB_CURRENT_VERSION = 1;
				DYLIB_INSTALL_NAME_BASE = "@rpath";
				GENERATE_INFOPLIST_FILE = YES;
				INFOPLIST_KEY_NSHumanReadableCopyright = "";
				INSTALL_PATH = "$(LOCAL_LIBRARY_DIR)/Frameworks";
				IPHONEOS_DEPLOYMENT_TARGET = 12.0;
				LD_RUNPATH_SEARCH_PATHS = (
					"$(inherited)",
					"@executable_path/Frameworks",
					"@loader_path/Frameworks",
				);
				MARKETING_VERSION = 1.0;
				PRODUCT_BUNDLE_IDENTIFIER = com.datnguyen.todo.Domain;
				PRODUCT_NAME = "$(TARGET_NAME:c99extidentifier)";
				SKIP_INSTALL = YES;
				SUPPORTS_MACCATALYST = NO;
				SWIFT_EMIT_LOC_STRINGS = YES;
				SWIFT_OPTIMIZATION_LEVEL = "-Onone";
				SWIFT_VERSION = 5.0;
				TARGETED_DEVICE_FAMILY = "1,2";
				VERSIONING_SYSTEM = "apple-generic";
				VERSION_INFO_PREFIX = "";
			};
			name = Debug;
		};
		D7F9F06327AE07D600DFD726 /* Release */ = {
			isa = XCBuildConfiguration;
			buildSettings = {
				CLANG_ENABLE_MODULES = YES;
				CODE_SIGN_STYLE = Automatic;
				CURRENT_PROJECT_VERSION = 1;
				DEFINES_MODULE = YES;
				DYLIB_COMPATIBILITY_VERSION = 1;
				DYLIB_CURRENT_VERSION = 1;
				DYLIB_INSTALL_NAME_BASE = "@rpath";
				GENERATE_INFOPLIST_FILE = YES;
				INFOPLIST_KEY_NSHumanReadableCopyright = "";
				INSTALL_PATH = "$(LOCAL_LIBRARY_DIR)/Frameworks";
				IPHONEOS_DEPLOYMENT_TARGET = 12.0;
				LD_RUNPATH_SEARCH_PATHS = (
					"$(inherited)",
					"@executable_path/Frameworks",
					"@loader_path/Frameworks",
				);
				MARKETING_VERSION = 1.0;
				PRODUCT_BUNDLE_IDENTIFIER = com.datnguyen.todo.Domain;
				PRODUCT_NAME = "$(TARGET_NAME:c99extidentifier)";
				SKIP_INSTALL = YES;
				SUPPORTS_MACCATALYST = NO;
				SWIFT_EMIT_LOC_STRINGS = YES;
				SWIFT_VERSION = 5.0;
				TARGETED_DEVICE_FAMILY = "1,2";
				VERSIONING_SYSTEM = "apple-generic";
				VERSION_INFO_PREFIX = "";
			};
			name = Release;
		};
		D7F9F06627AE07D600DFD726 /* Debug */ = {
			isa = XCBuildConfiguration;
			buildSettings = {
				ALWAYS_EMBED_SWIFT_STANDARD_LIBRARIES = YES;
				CODE_SIGN_STYLE = Automatic;
				CURRENT_PROJECT_VERSION = 1;
				GENERATE_INFOPLIST_FILE = YES;
				IPHONEOS_DEPLOYMENT_TARGET = 15.2;
				MARKETING_VERSION = 1.0;
				PRODUCT_BUNDLE_IDENTIFIER = com.datnguyen.todo.DomainTests;
				PRODUCT_NAME = "$(TARGET_NAME)";
				SWIFT_EMIT_LOC_STRINGS = NO;
				SWIFT_VERSION = 5.0;
				TARGETED_DEVICE_FAMILY = "1,2";
				TEST_HOST = "$(BUILT_PRODUCTS_DIR)/App.app/App";
			};
			name = Debug;
		};
		D7F9F06727AE07D600DFD726 /* Release */ = {
			isa = XCBuildConfiguration;
			buildSettings = {
				ALWAYS_EMBED_SWIFT_STANDARD_LIBRARIES = YES;
				CODE_SIGN_STYLE = Automatic;
				CURRENT_PROJECT_VERSION = 1;
				GENERATE_INFOPLIST_FILE = YES;
				IPHONEOS_DEPLOYMENT_TARGET = 15.2;
				MARKETING_VERSION = 1.0;
				PRODUCT_BUNDLE_IDENTIFIER = com.datnguyen.todo.DomainTests;
				PRODUCT_NAME = "$(TARGET_NAME)";
				SWIFT_EMIT_LOC_STRINGS = NO;
				SWIFT_VERSION = 5.0;
				TARGETED_DEVICE_FAMILY = "1,2";
				TEST_HOST = "$(BUILT_PRODUCTS_DIR)/App.app/App";
			};
			name = Release;
		};
		D7F9F08327AE080D00DFD726 /* Debug */ = {
			isa = XCBuildConfiguration;
			buildSettings = {
				CLANG_ENABLE_MODULES = YES;
				CODE_SIGN_STYLE = Automatic;
				CURRENT_PROJECT_VERSION = 1;
				DEFINES_MODULE = YES;
				DYLIB_COMPATIBILITY_VERSION = 1;
				DYLIB_CURRENT_VERSION = 1;
				DYLIB_INSTALL_NAME_BASE = "@rpath";
				GENERATE_INFOPLIST_FILE = YES;
				INFOPLIST_KEY_NSHumanReadableCopyright = "";
				INSTALL_PATH = "$(LOCAL_LIBRARY_DIR)/Frameworks";
				IPHONEOS_DEPLOYMENT_TARGET = 12.0;
				LD_RUNPATH_SEARCH_PATHS = (
					"$(inherited)",
					"@executable_path/Frameworks",
					"@loader_path/Frameworks",
				);
				MARKETING_VERSION = 1.0;
				PRODUCT_BUNDLE_IDENTIFIER = com.datnguyen.todo.data.Data;
				PRODUCT_NAME = "$(TARGET_NAME:c99extidentifier)";
				SKIP_INSTALL = YES;
				SUPPORTS_MACCATALYST = NO;
				SWIFT_EMIT_LOC_STRINGS = YES;
				SWIFT_OPTIMIZATION_LEVEL = "-Onone";
				SWIFT_VERSION = 5.0;
				TARGETED_DEVICE_FAMILY = "1,2";
				VERSIONING_SYSTEM = "apple-generic";
				VERSION_INFO_PREFIX = "";
			};
			name = Debug;
		};
		D7F9F08427AE080D00DFD726 /* Release */ = {
			isa = XCBuildConfiguration;
			buildSettings = {
				CLANG_ENABLE_MODULES = YES;
				CODE_SIGN_STYLE = Automatic;
				CURRENT_PROJECT_VERSION = 1;
				DEFINES_MODULE = YES;
				DYLIB_COMPATIBILITY_VERSION = 1;
				DYLIB_CURRENT_VERSION = 1;
				DYLIB_INSTALL_NAME_BASE = "@rpath";
				GENERATE_INFOPLIST_FILE = YES;
				INFOPLIST_KEY_NSHumanReadableCopyright = "";
				INSTALL_PATH = "$(LOCAL_LIBRARY_DIR)/Frameworks";
				IPHONEOS_DEPLOYMENT_TARGET = 12.0;
				LD_RUNPATH_SEARCH_PATHS = (
					"$(inherited)",
					"@executable_path/Frameworks",
					"@loader_path/Frameworks",
				);
				MARKETING_VERSION = 1.0;
				PRODUCT_BUNDLE_IDENTIFIER = com.datnguyen.todo.data.Data;
				PRODUCT_NAME = "$(TARGET_NAME:c99extidentifier)";
				SKIP_INSTALL = YES;
				SUPPORTS_MACCATALYST = NO;
				SWIFT_EMIT_LOC_STRINGS = YES;
				SWIFT_VERSION = 5.0;
				TARGETED_DEVICE_FAMILY = "1,2";
				VERSIONING_SYSTEM = "apple-generic";
				VERSION_INFO_PREFIX = "";
			};
			name = Release;
		};
		D7F9F08627AE080D00DFD726 /* Debug */ = {
			isa = XCBuildConfiguration;
			buildSettings = {
				ALWAYS_EMBED_SWIFT_STANDARD_LIBRARIES = YES;
				CODE_SIGN_STYLE = Automatic;
				CURRENT_PROJECT_VERSION = 1;
				GENERATE_INFOPLIST_FILE = YES;
				IPHONEOS_DEPLOYMENT_TARGET = 15.2;
				MARKETING_VERSION = 1.0;
				PRODUCT_BUNDLE_IDENTIFIER = com.datnguyen.todo.data.DataTests;
				PRODUCT_NAME = "$(TARGET_NAME)";
				SWIFT_EMIT_LOC_STRINGS = NO;
				SWIFT_VERSION = 5.0;
				TARGETED_DEVICE_FAMILY = "1,2";
				TEST_HOST = "$(BUILT_PRODUCTS_DIR)/App.app/App";
			};
			name = Debug;
		};
		D7F9F08727AE080D00DFD726 /* Release */ = {
			isa = XCBuildConfiguration;
			buildSettings = {
				ALWAYS_EMBED_SWIFT_STANDARD_LIBRARIES = YES;
				CODE_SIGN_STYLE = Automatic;
				CURRENT_PROJECT_VERSION = 1;
				GENERATE_INFOPLIST_FILE = YES;
				IPHONEOS_DEPLOYMENT_TARGET = 15.2;
				MARKETING_VERSION = 1.0;
				PRODUCT_BUNDLE_IDENTIFIER = com.datnguyen.todo.data.DataTests;
				PRODUCT_NAME = "$(TARGET_NAME)";
				SWIFT_EMIT_LOC_STRINGS = NO;
				SWIFT_VERSION = 5.0;
				TARGETED_DEVICE_FAMILY = "1,2";
				TEST_HOST = "$(BUILT_PRODUCTS_DIR)/App.app/App";
			};
			name = Release;
		};
/* End XCBuildConfiguration section */

/* Begin XCConfigurationList section */
		D7F9F00C27AE073800DFD726 /* Build configuration list for PBXProject "TodoApps" */ = {
			isa = XCConfigurationList;
			buildConfigurations = (
				D7F9F03C27AE073900DFD726 /* Debug */,
				D7F9F03D27AE073900DFD726 /* Release */,
			);
			defaultConfigurationIsVisible = 0;
			defaultConfigurationName = Release;
		};
		D7F9F03E27AE073900DFD726 /* Build configuration list for PBXNativeTarget "App" */ = {
			isa = XCConfigurationList;
			buildConfigurations = (
				D7F9F03F27AE073900DFD726 /* Debug */,
				D7F9F04027AE073900DFD726 /* Release */,
			);
			defaultConfigurationIsVisible = 0;
			defaultConfigurationName = Release;
		};
		D7F9F04127AE073900DFD726 /* Build configuration list for PBXNativeTarget "AppTests" */ = {
			isa = XCConfigurationList;
			buildConfigurations = (
				D7F9F04227AE073900DFD726 /* Debug */,
				D7F9F04327AE073900DFD726 /* Release */,
			);
			defaultConfigurationIsVisible = 0;
			defaultConfigurationName = Release;
		};
		D7F9F06127AE07D600DFD726 /* Build configuration list for PBXNativeTarget "Domain" */ = {
			isa = XCConfigurationList;
			buildConfigurations = (
				D7F9F06227AE07D600DFD726 /* Debug */,
				D7F9F06327AE07D600DFD726 /* Release */,
			);
			defaultConfigurationIsVisible = 0;
			defaultConfigurationName = Release;
		};
		D7F9F06527AE07D600DFD726 /* Build configuration list for PBXNativeTarget "DomainTests" */ = {
			isa = XCConfigurationList;
			buildConfigurations = (
				D7F9F06627AE07D600DFD726 /* Debug */,
				D7F9F06727AE07D600DFD726 /* Release */,
			);
			defaultConfigurationIsVisible = 0;
			defaultConfigurationName = Release;
		};
		D7F9F08227AE080D00DFD726 /* Build configuration list for PBXNativeTarget "Data" */ = {
			isa = XCConfigurationList;
			buildConfigurations = (
				D7F9F08327AE080D00DFD726 /* Debug */,
				D7F9F08427AE080D00DFD726 /* Release */,
			);
			defaultConfigurationIsVisible = 0;
			defaultConfigurationName = Release;
		};
		D7F9F08527AE080D00DFD726 /* Build configuration list for PBXNativeTarget "DataTests" */ = {
			isa = XCConfigurationList;
			buildConfigurations = (
				D7F9F08627AE080D00DFD726 /* Debug */,
				D7F9F08727AE080D00DFD726 /* Release */,
			);
			defaultConfigurationIsVisible = 0;
			defaultConfigurationName = Release;
		};
/* End XCConfigurationList section */

/* Begin XCRemoteSwiftPackageReference section */
		D728CF1D27AF9A8B0077E185 /* XCRemoteSwiftPackageReference "RxSwift" */ = {
			isa = XCRemoteSwiftPackageReference;
			repositoryURL = "https://github.com/ReactiveX/RxSwift.git";
			requirement = {
				kind = exactVersion;
				version = 6.5.0;
			};
		};
		D728CF2227AF9ACD0077E185 /* XCRemoteSwiftPackageReference "Moya" */ = {
			isa = XCRemoteSwiftPackageReference;
			repositoryURL = "https://github.com/Moya/Moya.git";
			requirement = {
				branch = master;
				kind = branch;
			};
		};
		D728CF2527AF9AFD0077E185 /* XCRemoteSwiftPackageReference "Swinject" */ = {
			isa = XCRemoteSwiftPackageReference;
			repositoryURL = "https://github.com/Swinject/Swinject.git";
			requirement = {
				kind = exactVersion;
				version = 2.8.1;
			};
		};
		D728CF2827AF9B140077E185 /* XCRemoteSwiftPackageReference "NVActivityIndicatorView" */ = {
			isa = XCRemoteSwiftPackageReference;
			repositoryURL = "https://github.com/ninjaprox/NVActivityIndicatorView.git";
			requirement = {
				kind = exactVersion;
				version = 5.1.1;
			};
		};
/* End XCRemoteSwiftPackageReference section */

/* Begin XCSwiftPackageProductDependency section */
		D728CF1E27AF9A8B0077E185 /* RxCocoa */ = {
			isa = XCSwiftPackageProductDependency;
			package = D728CF1D27AF9A8B0077E185 /* XCRemoteSwiftPackageReference "RxSwift" */;
			productName = RxCocoa;
		};
		D728CF2027AF9A8B0077E185 /* RxSwift */ = {
			isa = XCSwiftPackageProductDependency;
			package = D728CF1D27AF9A8B0077E185 /* XCRemoteSwiftPackageReference "RxSwift" */;
			productName = RxSwift;
		};
		D728CF2327AF9ACD0077E185 /* Moya */ = {
			isa = XCSwiftPackageProductDependency;
			package = D728CF2227AF9ACD0077E185 /* XCRemoteSwiftPackageReference "Moya" */;
			productName = Moya;
		};
		D728CF2627AF9AFD0077E185 /* Swinject */ = {
			isa = XCSwiftPackageProductDependency;
			package = D728CF2527AF9AFD0077E185 /* XCRemoteSwiftPackageReference "Swinject" */;
			productName = Swinject;
		};
		D728CF2927AF9B150077E185 /* NVActivityIndicatorView */ = {
			isa = XCSwiftPackageProductDependency;
			package = D728CF2827AF9B140077E185 /* XCRemoteSwiftPackageReference "NVActivityIndicatorView" */;
			productName = NVActivityIndicatorView;
		};
/* End XCSwiftPackageProductDependency section */

/* Begin XCVersionGroup section */
		D7F9F15827AEEB7A00DFD726 /* Data.xcdatamodeld */ = {
			isa = XCVersionGroup;
			children = (
				D7F9F15927AEEB7A00DFD726 /* Data.xcdatamodel */,
			);
			currentVersion = D7F9F15927AEEB7A00DFD726 /* Data.xcdatamodel */;
			path = Data.xcdatamodeld;
			sourceTree = "<group>";
			versionGroupType = wrapper.xcdatamodel;
		};
/* End XCVersionGroup section */
	};
	rootObject = D7F9F00927AE073800DFD726 /* Project object */;
}
